// !$*UTF8*$!
{
	archiveVersion = 1;
	classes = {
	};
	objectVersion = 56;
	objects = {

/* Begin PBXBuildFile section */
		5C1D93A28845FA2F2C5F6BB5 /* CachedAsyncImage.swift in Sources */ = {isa = PBXBuildFile; fileRef = 4F36EA14C54965AFEAB0C367 /* CachedAsyncImage.swift */; };
		AD48C27CA6FCAAEDFA375378 /* ImageCache.swift in Sources */ = {isa = PBXBuildFile; fileRef = D2F7B638A54971E152540E95 /* ImageCache.swift */; };
		F039 /* BookDetail.swift in Sources */ = {isa = PBXBuildFile; fileRef = S038 /* BookDetail.swift */; };
		F040 /* BookDetailView.swift in Sources */ = {isa = PBXBuildFile; fileRef = S039 /* BookDetailView.swift */; };
		F041 /* ReviewFormView.swift in Sources */ = {isa = PBXBuildFile; fileRef = S040 /* ReviewFormView.swift */; };
		F001 /* BookPostApp.swift in Sources */ = {isa = PBXBuildFile; fileRef = S001 /* BookPostApp.swift */; };
		F002 /* ContentView.swift in Sources */ = {isa = PBXBuildFile; fileRef = S002 /* ContentView.swift */; };
		F003 /* MainTabView.swift in Sources */ = {isa = PBXBuildFile; fileRef = S003 /* MainTabView.swift */; };
		F004 /* Badge.swift in Sources */ = {isa = PBXBuildFile; fileRef = S004 /* Badge.swift */; };
		F005 /* Book.swift in Sources */ = {isa = PBXBuildFile; fileRef = S005 /* Book.swift */; };
		F006 /* Ebook.swift in Sources */ = {isa = PBXBuildFile; fileRef = S006 /* Ebook.swift */; };
		F007 /* Magazine.swift in Sources */ = {isa = PBXBuildFile; fileRef = S007 /* Magazine.swift */; };
		F008 /* ReadingHistory.swift in Sources */ = {isa = PBXBuildFile; fileRef = S008 /* ReadingHistory.swift */; };
		F009 /* ReadingSession.swift in Sources */ = {isa = PBXBuildFile; fileRef = S009 /* ReadingSession.swift */; };
		F010 /* ReadingStats.swift in Sources */ = {isa = PBXBuildFile; fileRef = S010 /* ReadingStats.swift */; };
		F011 /* User.swift in Sources */ = {isa = PBXBuildFile; fileRef = S011 /* User.swift */; };
		F012 /* APIClient.swift in Sources */ = {isa = PBXBuildFile; fileRef = S012 /* APIClient.swift */; };
		F013 /* AuthManager.swift in Sources */ = {isa = PBXBuildFile; fileRef = S013 /* AuthManager.swift */; };
		F014 /* ReadingSessionManager.swift in Sources */ = {isa = PBXBuildFile; fileRef = S014 /* ReadingSessionManager.swift */; };
		F015 /* Extensions.swift in Sources */ = {isa = PBXBuildFile; fileRef = S015 /* Extensions.swift */; };
		F016 /* BadgesViewModel.swift in Sources */ = {isa = PBXBuildFile; fileRef = S016 /* BadgesViewModel.swift */; };
		F017 /* EbooksViewModel.swift in Sources */ = {isa = PBXBuildFile; fileRef = S017 /* EbooksViewModel.swift */; };
		F018 /* HomeViewModel.swift in Sources */ = {isa = PBXBuildFile; fileRef = S018 /* HomeViewModel.swift */; };
		F019 /* ReadingStatsViewModel.swift in Sources */ = {isa = PBXBuildFile; fileRef = S019 /* ReadingStatsViewModel.swift */; };
		F020 /* LoginView.swift in Sources */ = {isa = PBXBuildFile; fileRef = S020 /* LoginView.swift */; };
		F021 /* RegisterView.swift in Sources */ = {isa = PBXBuildFile; fileRef = S021 /* RegisterView.swift */; };
		F022 /* BooksView.swift in Sources */ = {isa = PBXBuildFile; fileRef = S022 /* BooksView.swift */; };
		F023 /* BookCoverView.swift in Sources */ = {isa = PBXBuildFile; fileRef = S023 /* BookCoverView.swift */; };
		F024 /* LoadingView.swift in Sources */ = {isa = PBXBuildFile; fileRef = S024 /* LoadingView.swift */; };
		F025 /* SearchBarView.swift in Sources */ = {isa = PBXBuildFile; fileRef = S025 /* SearchBarView.swift */; };
		F026 /* EbookDetailView.swift in Sources */ = {isa = PBXBuildFile; fileRef = S026 /* EbookDetailView.swift */; };
		F027 /* EbooksView.swift in Sources */ = {isa = PBXBuildFile; fileRef = S027 /* EbooksView.swift */; };
		F028 /* HomeView.swift in Sources */ = {isa = PBXBuildFile; fileRef = S028 /* HomeView.swift */; };
		F029 /* MagazineDetailView.swift in Sources */ = {isa = PBXBuildFile; fileRef = S029 /* MagazineDetailView.swift */; };
		F030 /* MagazinesView.swift in Sources */ = {isa = PBXBuildFile; fileRef = S030 /* MagazinesView.swift */; };
		F031 /* BadgesView.swift in Sources */ = {isa = PBXBuildFile; fileRef = S031 /* BadgesView.swift */; };
		F032 /* ProfileView.swift in Sources */ = {isa = PBXBuildFile; fileRef = S032 /* ProfileView.swift */; };
		F033 /* ReadingStatsView.swift in Sources */ = {isa = PBXBuildFile; fileRef = S033 /* ReadingStatsView.swift */; };
		F034 /* PDFReaderView.swift in Sources */ = {isa = PBXBuildFile; fileRef = S034 /* PDFReaderView.swift */; };
		F035 /* Assets.xcassets in Resources */ = {isa = PBXBuildFile; fileRef = A001 /* Assets.xcassets */; };
		F036 /* Logger.swift in Sources */ = {isa = PBXBuildFile; fileRef = S036 /* Logger.swift */; };
		F037 /* L10n.swift in Sources */ = {isa = PBXBuildFile; fileRef = S037 /* L10n.swift */; };
		F038 /* Localizable.strings in Resources */ = {isa = PBXBuildFile; fileRef = R001 /* Localizable.strings */; };
/* End PBXBuildFile section */

/* Begin PBXFileReference section */
		4F36EA14C54965AFEAB0C367 /* CachedAsyncImage.swift */ = {isa = PBXFileReference; includeInIndex = 1; lastKnownFileType = sourcecode.swift; path = CachedAsyncImage.swift; sourceTree = "<group>"; };
		A001 /* Assets.xcassets */ = {isa = PBXFileReference; lastKnownFileType = folder.assetcatalog; path = Assets.xcassets; sourceTree = "<group>"; };
		D2F7B638A54971E152540E95 /* ImageCache.swift */ = {isa = PBXFileReference; includeInIndex = 1; lastKnownFileType = sourcecode.swift; path = ImageCache.swift; sourceTree = "<group>"; };
		PRODUCT /* BookLibrio.app */ = {isa = PBXFileReference; explicitFileType = wrapper.application; includeInIndex = 0; path = BookLibrio.app; sourceTree = BUILT_PRODUCTS_DIR; };
		R002 /* en */ = {isa = PBXFileReference; lastKnownFileType = text.plist.strings; name = en; path = en.lproj/Localizable.strings; sourceTree = "<group>"; };
		R003 /* zh-Hans */ = {isa = PBXFileReference; lastKnownFileType = text.plist.strings; name = "zh-Hans"; path = "zh-Hans.lproj/Localizable.strings"; sourceTree = "<group>"; };
		S001 /* BookPostApp.swift */ = {isa = PBXFileReference; lastKnownFileType = sourcecode.swift; path = BookPostApp.swift; sourceTree = "<group>"; };
		S002 /* ContentView.swift */ = {isa = PBXFileReference; lastKnownFileType = sourcecode.swift; path = ContentView.swift; sourceTree = "<group>"; };
		S003 /* MainTabView.swift */ = {isa = PBXFileReference; lastKnownFileType = sourcecode.swift; path = MainTabView.swift; sourceTree = "<group>"; };
		S004 /* Badge.swift */ = {isa = PBXFileReference; lastKnownFileType = sourcecode.swift; path = Badge.swift; sourceTree = "<group>"; };
		S005 /* Book.swift */ = {isa = PBXFileReference; lastKnownFileType = sourcecode.swift; path = Book.swift; sourceTree = "<group>"; };
		S006 /* Ebook.swift */ = {isa = PBXFileReference; lastKnownFileType = sourcecode.swift; path = Ebook.swift; sourceTree = "<group>"; };
		S007 /* Magazine.swift */ = {isa = PBXFileReference; lastKnownFileType = sourcecode.swift; path = Magazine.swift; sourceTree = "<group>"; };
		S008 /* ReadingHistory.swift */ = {isa = PBXFileReference; lastKnownFileType = sourcecode.swift; path = ReadingHistory.swift; sourceTree = "<group>"; };
		S009 /* ReadingSession.swift */ = {isa = PBXFileReference; lastKnownFileType = sourcecode.swift; path = ReadingSession.swift; sourceTree = "<group>"; };
		S010 /* ReadingStats.swift */ = {isa = PBXFileReference; lastKnownFileType = sourcecode.swift; path = ReadingStats.swift; sourceTree = "<group>"; };
		S011 /* User.swift */ = {isa = PBXFileReference; lastKnownFileType = sourcecode.swift; path = User.swift; sourceTree = "<group>"; };
		S012 /* APIClient.swift */ = {isa = PBXFileReference; lastKnownFileType = sourcecode.swift; path = APIClient.swift; sourceTree = "<group>"; };
		S013 /* AuthManager.swift */ = {isa = PBXFileReference; lastKnownFileType = sourcecode.swift; path = AuthManager.swift; sourceTree = "<group>"; };
		S014 /* ReadingSessionManager.swift */ = {isa = PBXFileReference; lastKnownFileType = sourcecode.swift; path = ReadingSessionManager.swift; sourceTree = "<group>"; };
		S015 /* Extensions.swift */ = {isa = PBXFileReference; lastKnownFileType = sourcecode.swift; path = Extensions.swift; sourceTree = "<group>"; };
		S016 /* BadgesViewModel.swift */ = {isa = PBXFileReference; lastKnownFileType = sourcecode.swift; path = BadgesViewModel.swift; sourceTree = "<group>"; };
		S017 /* EbooksViewModel.swift */ = {isa = PBXFileReference; lastKnownFileType = sourcecode.swift; path = EbooksViewModel.swift; sourceTree = "<group>"; };
		S018 /* HomeViewModel.swift */ = {isa = PBXFileReference; lastKnownFileType = sourcecode.swift; path = HomeViewModel.swift; sourceTree = "<group>"; };
		S019 /* ReadingStatsViewModel.swift */ = {isa = PBXFileReference; lastKnownFileType = sourcecode.swift; path = ReadingStatsViewModel.swift; sourceTree = "<group>"; };
		S020 /* LoginView.swift */ = {isa = PBXFileReference; lastKnownFileType = sourcecode.swift; path = LoginView.swift; sourceTree = "<group>"; };
		S021 /* RegisterView.swift */ = {isa = PBXFileReference; lastKnownFileType = sourcecode.swift; path = RegisterView.swift; sourceTree = "<group>"; };
		S022 /* BooksView.swift */ = {isa = PBXFileReference; lastKnownFileType = sourcecode.swift; path = BooksView.swift; sourceTree = "<group>"; };
		S023 /* BookCoverView.swift */ = {isa = PBXFileReference; lastKnownFileType = sourcecode.swift; path = BookCoverView.swift; sourceTree = "<group>"; };
		S024 /* LoadingView.swift */ = {isa = PBXFileReference; lastKnownFileType = sourcecode.swift; path = LoadingView.swift; sourceTree = "<group>"; };
		S025 /* SearchBarView.swift */ = {isa = PBXFileReference; lastKnownFileType = sourcecode.swift; path = SearchBarView.swift; sourceTree = "<group>"; };
		S026 /* EbookDetailView.swift */ = {isa = PBXFileReference; lastKnownFileType = sourcecode.swift; path = EbookDetailView.swift; sourceTree = "<group>"; };
		S027 /* EbooksView.swift */ = {isa = PBXFileReference; lastKnownFileType = sourcecode.swift; path = EbooksView.swift; sourceTree = "<group>"; };
		S028 /* HomeView.swift */ = {isa = PBXFileReference; lastKnownFileType = sourcecode.swift; path = HomeView.swift; sourceTree = "<group>"; };
		S029 /* MagazineDetailView.swift */ = {isa = PBXFileReference; lastKnownFileType = sourcecode.swift; path = MagazineDetailView.swift; sourceTree = "<group>"; };
		S030 /* MagazinesView.swift */ = {isa = PBXFileReference; lastKnownFileType = sourcecode.swift; path = MagazinesView.swift; sourceTree = "<group>"; };
		S031 /* BadgesView.swift */ = {isa = PBXFileReference; lastKnownFileType = sourcecode.swift; path = BadgesView.swift; sourceTree = "<group>"; };
		S032 /* ProfileView.swift */ = {isa = PBXFileReference; lastKnownFileType = sourcecode.swift; path = ProfileView.swift; sourceTree = "<group>"; };
		S033 /* ReadingStatsView.swift */ = {isa = PBXFileReference; lastKnownFileType = sourcecode.swift; path = ReadingStatsView.swift; sourceTree = "<group>"; };
		S034 /* PDFReaderView.swift */ = {isa = PBXFileReference; lastKnownFileType = sourcecode.swift; path = PDFReaderView.swift; sourceTree = "<group>"; };
		S036 /* Logger.swift */ = {isa = PBXFileReference; lastKnownFileType = sourcecode.swift; path = Logger.swift; sourceTree = "<group>"; };
		S037 /* L10n.swift */ = {isa = PBXFileReference; lastKnownFileType = sourcecode.swift; path = L10n.swift; sourceTree = "<group>"; };
		S038 /* BookDetail.swift */ = {isa = PBXFileReference; lastKnownFileType = sourcecode.swift; path = BookDetail.swift; sourceTree = "<group>"; };
		S039 /* BookDetailView.swift */ = {isa = PBXFileReference; lastKnownFileType = sourcecode.swift; path = BookDetailView.swift; sourceTree = "<group>"; };
		S040 /* ReviewFormView.swift */ = {isa = PBXFileReference; lastKnownFileType = sourcecode.swift; path = ReviewFormView.swift; sourceTree = "<group>"; };
/* End PBXFileReference section */

/* Begin PBXFrameworksBuildPhase section */
		FRAMEWORKS /* Frameworks */ = {
			isa = PBXFrameworksBuildPhase;
			buildActionMask = 2147483647;
			files = (
			);
			runOnlyForDeploymentPostprocessing = 0;
		};
/* End PBXFrameworksBuildPhase section */

/* Begin PBXGroup section */
		APP /* App */ = {
			isa = PBXGroup;
			children = (
				S001 /* BookPostApp.swift */,
				S002 /* ContentView.swift */,
				S003 /* MainTabView.swift */,
			);
			path = App;
			sourceTree = "<group>";
		};
		MAIN /* BookPost */ = {
			isa = PBXGroup;
			children = (
				APP /* App */,
				MODELS /* Models */,
				VIEWS /* Views */,
				VIEWMODELS /* ViewModels */,
				SERVICES /* Services */,
				UTILITIES /* Utilities */,
				RESOURCES /* Resources */,
				A001 /* Assets.xcassets */,
			);
			path = BookPost;
			sourceTree = "<group>";
		};
		MODELS /* Models */ = {
			isa = PBXGroup;
			children = (
				S004 /* Badge.swift */,
				S005 /* Book.swift */,
				S038 /* BookDetail.swift */,
				S006 /* Ebook.swift */,
				S007 /* Magazine.swift */,
				S008 /* ReadingHistory.swift */,
				S009 /* ReadingSession.swift */,
				S010 /* ReadingStats.swift */,
				S011 /* User.swift */,
			);
			path = Models;
			sourceTree = "<group>";
		};
		PRODUCTS /* Products */ = {
			isa = PBXGroup;
			children = (
				PRODUCT /* BookLibrio.app */,
			);
			name = Products;
			sourceTree = "<group>";
		};
		RESOURCES /* Resources */ = {
			isa = PBXGroup;
			children = (
				R001 /* Localizable.strings */,
			);
			path = Resources;
			sourceTree = "<group>";
		};
		ROOT = {
			isa = PBXGroup;
			children = (
				MAIN /* BookPost */,
				PRODUCTS /* Products */,
			);
			sourceTree = "<group>";
		};
		SERVICES /* Services */ = {
			isa = PBXGroup;
			children = (
				S012 /* APIClient.swift */,
				S013 /* AuthManager.swift */,
				S014 /* ReadingSessionManager.swift */,
				D2F7B638A54971E152540E95 /* ImageCache.swift */,
			);
			path = Services;
			sourceTree = "<group>";
		};
		UTILITIES /* Utilities */ = {
			isa = PBXGroup;
			children = (
				S015 /* Extensions.swift */,
				S036 /* Logger.swift */,
				S037 /* L10n.swift */,
			);
			path = Utilities;
			sourceTree = "<group>";
		};
		VIEWMODELS /* ViewModels */ = {
			isa = PBXGroup;
			children = (
				S016 /* BadgesViewModel.swift */,
				S017 /* EbooksViewModel.swift */,
				S018 /* HomeViewModel.swift */,
				S019 /* ReadingStatsViewModel.swift */,
			);
			path = ViewModels;
			sourceTree = "<group>";
		};
		VIEWS /* Views */ = {
			isa = PBXGroup;
			children = (
				VIEWS_AUTH /* Auth */,
				VIEWS_BOOKS /* Books */,
				VIEWS_COMPONENTS /* Components */,
				VIEWS_EBOOKS /* Ebooks */,
				VIEWS_HOME /* Home */,
				VIEWS_MAGAZINES /* Magazines */,
				VIEWS_PROFILE /* Profile */,
				VIEWS_READER /* Reader */,
				VIEWS_SHARED /* Shared */,
			);
			path = Views;
			sourceTree = "<group>";
		};
		VIEWS_AUTH /* Auth */ = {
			isa = PBXGroup;
			children = (
				S020 /* LoginView.swift */,
				S021 /* RegisterView.swift */,
			);
			path = Auth;
			sourceTree = "<group>";
		};
		VIEWS_BOOKS /* Books */ = {
			isa = PBXGroup;
			children = (
				S022 /* BooksView.swift */,
			);
			path = Books;
			sourceTree = "<group>";
		};
		VIEWS_COMPONENTS /* Components */ = {
			isa = PBXGroup;
			children = (
				S023 /* BookCoverView.swift */,
				S024 /* LoadingView.swift */,
				S025 /* SearchBarView.swift */,
				4F36EA14C54965AFEAB0C367 /* CachedAsyncImage.swift */,
			);
			path = Components;
			sourceTree = "<group>";
		};
		VIEWS_EBOOKS /* Ebooks */ = {
			isa = PBXGroup;
			children = (
				S026 /* EbookDetailView.swift */,
				S027 /* EbooksView.swift */,
			);
			path = Ebooks;
			sourceTree = "<group>";
		};
		VIEWS_HOME /* Home */ = {
			isa = PBXGroup;
			children = (
				S028 /* HomeView.swift */,
			);
			path = Home;
			sourceTree = "<group>";
		};
		VIEWS_MAGAZINES /* Magazines */ = {
			isa = PBXGroup;
			children = (
				S029 /* MagazineDetailView.swift */,
				S030 /* MagazinesView.swift */,
			);
			path = Magazines;
			sourceTree = "<group>";
		};
		VIEWS_PROFILE /* Profile */ = {
			isa = PBXGroup;
			children = (
				S031 /* BadgesView.swift */,
				S032 /* ProfileView.swift */,
				S033 /* ReadingStatsView.swift */,
			);
			path = Profile;
			sourceTree = "<group>";
		};
		VIEWS_READER /* Reader */ = {
			isa = PBXGroup;
			children = (
				S034 /* PDFReaderView.swift */,
			);
			path = Reader;
			sourceTree = "<group>";
		};
		VIEWS_SHARED /* Shared */ = {
			isa = PBXGroup;
			children = (
				S039 /* BookDetailView.swift */,
				S040 /* ReviewFormView.swift */,
			);
			path = Shared;
			sourceTree = "<group>";
		};
/* End PBXGroup section */

/* Begin PBXNativeTarget section */
		TARGET /* BookLibrio */ = {
			isa = PBXNativeTarget;
			buildConfigurationList = CONFIGLIST_TARGET /* Build configuration list for PBXNativeTarget "BookLibrio" */;
			buildPhases = (
				SOURCES /* Sources */,
				FRAMEWORKS /* Frameworks */,
				RESOURCES_PHASE /* Resources */,
			);
			buildRules = (
			);
			dependencies = (
			);
			name = BookLibrio;
			productName = BookLibrio;
			productReference = PRODUCT /* BookLibrio.app */;
			productType = "com.apple.product-type.application";
		};
/* End PBXNativeTarget section */

/* Begin PBXProject section */
		PROJECT /* Project object */ = {
			isa = PBXProject;
			attributes = {
				BuildIndependentTargetsInParallel = 1;
				LastSwiftUpdateCheck = 1500;
				LastUpgradeCheck = 1500;
				TargetAttributes = {
					TARGET = {
						CreatedOnToolsVersion = 15.0;
					};
				};
			};
			buildConfigurationList = CONFIGLIST_PROJECT /* Build configuration list for PBXProject "BookPost" */;
			compatibilityVersion = "Xcode 14.0";
			developmentRegion = en;
			hasScannedForEncodings = 0;
			knownRegions = (
				en,
				Base,
				"zh-Hans",
			);
			mainGroup = ROOT;
			productRefGroup = PRODUCTS /* Products */;
			projectDirPath = "";
			projectRoot = "";
			targets = (
				TARGET /* BookLibrio */,
			);
		};
/* End PBXProject section */

/* Begin PBXResourcesBuildPhase section */
		RESOURCES_PHASE /* Resources */ = {
			isa = PBXResourcesBuildPhase;
			buildActionMask = 2147483647;
			files = (
				F035 /* Assets.xcassets in Resources */,
				F038 /* Localizable.strings in Resources */,
			);
			runOnlyForDeploymentPostprocessing = 0;
		};
/* End PBXResourcesBuildPhase section */

/* Begin PBXSourcesBuildPhase section */
		SOURCES /* Sources */ = {
			isa = PBXSourcesBuildPhase;
			buildActionMask = 2147483647;
			files = (
				F001 /* BookPostApp.swift in Sources */,
				F002 /* ContentView.swift in Sources */,
				F003 /* MainTabView.swift in Sources */,
				F004 /* Badge.swift in Sources */,
				F005 /* Book.swift in Sources */,
				F006 /* Ebook.swift in Sources */,
				F007 /* Magazine.swift in Sources */,
				F008 /* ReadingHistory.swift in Sources */,
				F009 /* ReadingSession.swift in Sources */,
				F010 /* ReadingStats.swift in Sources */,
				F011 /* User.swift in Sources */,
				F012 /* APIClient.swift in Sources */,
				F013 /* AuthManager.swift in Sources */,
				F014 /* ReadingSessionManager.swift in Sources */,
				F015 /* Extensions.swift in Sources */,
				F016 /* BadgesViewModel.swift in Sources */,
				F017 /* EbooksViewModel.swift in Sources */,
				F018 /* HomeViewModel.swift in Sources */,
				F019 /* ReadingStatsViewModel.swift in Sources */,
				F020 /* LoginView.swift in Sources */,
				F021 /* RegisterView.swift in Sources */,
				F022 /* BooksView.swift in Sources */,
				F023 /* BookCoverView.swift in Sources */,
				F024 /* LoadingView.swift in Sources */,
				F025 /* SearchBarView.swift in Sources */,
				F026 /* EbookDetailView.swift in Sources */,
				F027 /* EbooksView.swift in Sources */,
				F028 /* HomeView.swift in Sources */,
				F029 /* MagazineDetailView.swift in Sources */,
				F030 /* MagazinesView.swift in Sources */,
				F031 /* BadgesView.swift in Sources */,
				F032 /* ProfileView.swift in Sources */,
				F033 /* ReadingStatsView.swift in Sources */,
				F034 /* PDFReaderView.swift in Sources */,
				F036 /* Logger.swift in Sources */,
				F037 /* L10n.swift in Sources */,
				F039 /* BookDetail.swift in Sources */,
				F040 /* BookDetailView.swift in Sources */,
				F041 /* ReviewFormView.swift in Sources */,
				AD48C27CA6FCAAEDFA375378 /* ImageCache.swift in Sources */,
				5C1D93A28845FA2F2C5F6BB5 /* CachedAsyncImage.swift in Sources */,
			);
			runOnlyForDeploymentPostprocessing = 0;
		};
/* End PBXSourcesBuildPhase section */

/* Begin PBXVariantGroup section */
		R001 /* Localizable.strings */ = {
			isa = PBXVariantGroup;
			children = (
				R002 /* en */,
				R003 /* zh-Hans */,
			);
			name = Localizable.strings;
			sourceTree = "<group>";
		};
/* End PBXVariantGroup section */

/* Begin XCBuildConfiguration section */
		CONFIG_DEBUG_PROJECT /* Debug */ = {
			isa = XCBuildConfiguration;
			buildSettings = {
				ALWAYS_SEARCH_USER_PATHS = NO;
				ASSETCATALOG_COMPILER_GENERATE_SWIFT_ASSET_SYMBOL_EXTENSIONS = YES;
				CLANG_ANALYZER_NONNULL = YES;
				CLANG_ANALYZER_NUMBER_OBJECT_CONVERSION = YES_AGGRESSIVE;
				CLANG_CXX_LANGUAGE_STANDARD = "gnu++20";
				CLANG_ENABLE_MODULES = YES;
				CLANG_ENABLE_OBJC_ARC = YES;
				CLANG_ENABLE_OBJC_WEAK = YES;
				CLANG_WARN_BLOCK_CAPTURE_AUTORELEASING = YES;
				CLANG_WARN_BOOL_CONVERSION = YES;
				CLANG_WARN_COMMA = YES;
				CLANG_WARN_CONSTANT_CONVERSION = YES;
				CLANG_WARN_DEPRECATED_OBJC_IMPLEMENTATIONS = YES;
				CLANG_WARN_DIRECT_OBJC_ISA_USAGE = YES_ERROR;
				CLANG_WARN_DOCUMENTATION_COMMENTS = YES;
				CLANG_WARN_EMPTY_BODY = YES;
				CLANG_WARN_ENUM_CONVERSION = YES;
				CLANG_WARN_INFINITE_RECURSION = YES;
				CLANG_WARN_INT_CONVERSION = YES;
				CLANG_WARN_NON_LITERAL_NULL_CONVERSION = YES;
				CLANG_WARN_OBJC_IMPLICIT_RETAIN_SELF = YES;
				CLANG_WARN_OBJC_LITERAL_CONVERSION = YES;
				CLANG_WARN_OBJC_ROOT_CLASS = YES_ERROR;
				CLANG_WARN_QUOTED_INCLUDE_IN_FRAMEWORK_HEADER = YES;
				CLANG_WARN_RANGE_LOOP_ANALYSIS = YES;
				CLANG_WARN_STRICT_PROTOTYPES = YES;
				CLANG_WARN_SUSPICIOUS_MOVE = YES;
				CLANG_WARN_UNGUARDED_AVAILABILITY = YES_AGGRESSIVE;
				CLANG_WARN_UNREACHABLE_CODE = YES;
				CLANG_WARN__DUPLICATE_METHOD_MATCH = YES;
				COPY_PHASE_STRIP = NO;
				DEBUG_INFORMATION_FORMAT = dwarf;
				ENABLE_STRICT_OBJC_MSGSEND = YES;
				ENABLE_TESTABILITY = YES;
				ENABLE_USER_SCRIPT_SANDBOXING = YES;
				GCC_C_LANGUAGE_STANDARD = gnu17;
				GCC_DYNAMIC_NO_PIC = NO;
				GCC_NO_COMMON_BLOCKS = YES;
				GCC_OPTIMIZATION_LEVEL = 0;
				GCC_PREPROCESSOR_DEFINITIONS = (
					"DEBUG=1",
					"$(inherited)",
				);
				GCC_WARN_64_TO_32_BIT_CONVERSION = YES;
				GCC_WARN_ABOUT_RETURN_TYPE = YES_ERROR;
				GCC_WARN_UNDECLARED_SELECTOR = YES;
				GCC_WARN_UNINITIALIZED_AUTOS = YES_AGGRESSIVE;
				GCC_WARN_UNUSED_FUNCTION = YES;
				GCC_WARN_UNUSED_VARIABLE = YES;
				IPHONEOS_DEPLOYMENT_TARGET = 17.0;
				LOCALIZATION_PREFERS_STRING_CATALOGS = YES;
				MTL_ENABLE_DEBUG_INFO = INCLUDE_SOURCE;
				MTL_FAST_MATH = YES;
				ONLY_ACTIVE_ARCH = YES;
				SDKROOT = iphoneos;
				SWIFT_ACTIVE_COMPILATION_CONDITIONS = "DEBUG $(inherited)";
				SWIFT_OPTIMIZATION_LEVEL = "-Onone";
			};
			name = Debug;
		};
		CONFIG_DEBUG_TARGET /* Debug */ = {
			isa = XCBuildConfiguration;
			buildSettings = {
				ASSETCATALOG_COMPILER_APPICON_NAME = AppIcon;
				ASSETCATALOG_COMPILER_GLOBAL_ACCENT_COLOR_NAME = AccentColor;
				CODE_SIGN_STYLE = Automatic;
				CURRENT_PROJECT_VERSION = 1;
				DEVELOPMENT_ASSET_PATHS = "";
				DEVELOPMENT_TEAM = 52Y3FAXW6V;
				ENABLE_PREVIEWS = YES;
				GENERATE_INFOPLIST_FILE = YES;
				INFOPLIST_KEY_CFBundleDisplayName = BookLibrio;
				INFOPLIST_KEY_UIApplicationSceneManifest_Generation = YES;
				INFOPLIST_KEY_UIApplicationSupportsIndirectInputEvents = YES;
				INFOPLIST_KEY_UILaunchScreen_Generation = YES;
				INFOPLIST_KEY_UISupportedInterfaceOrientations_iPad = "UIInterfaceOrientationPortrait UIInterfaceOrientationPortraitUpsideDown UIInterfaceOrientationLandscapeLeft UIInterfaceOrientationLandscapeRight";
				INFOPLIST_KEY_UISupportedInterfaceOrientations_iPhone = "UIInterfaceOrientationPortrait UIInterfaceOrientationLandscapeLeft UIInterfaceOrientationLandscapeRight";
				LD_RUNPATH_SEARCH_PATHS = (
					"$(inherited)",
					"@executable_path/Frameworks",
				);
				MARKETING_VERSION = 1.0;
				PRODUCT_BUNDLE_IDENTIFIER = com.booklibrio.app;
				PRODUCT_NAME = "$(TARGET_NAME)";
				SWIFT_EMIT_LOC_STRINGS = YES;
				SWIFT_VERSION = 5.0;
				TARGETED_DEVICE_FAMILY = "1,2";
			};
			name = Debug;
		};
		CONFIG_RELEASE_PROJECT /* Release */ = {
			isa = XCBuildConfiguration;
			buildSettings = {
				ALWAYS_SEARCH_USER_PATHS = NO;
				ASSETCATALOG_COMPILER_GENERATE_SWIFT_ASSET_SYMBOL_EXTENSIONS = YES;
				CLANG_ANALYZER_NONNULL = YES;
				CLANG_ANALYZER_NUMBER_OBJECT_CONVERSION = YES_AGGRESSIVE;
				CLANG_CXX_LANGUAGE_STANDARD = "gnu++20";
				CLANG_ENABLE_MODULES = YES;
				CLANG_ENABLE_OBJC_ARC = YES;
				CLANG_ENABLE_OBJC_WEAK = YES;
				CLANG_WARN_BLOCK_CAPTURE_AUTORELEASING = YES;
				CLANG_WARN_BOOL_CONVERSION = YES;
				CLANG_WARN_COMMA = YES;
				CLANG_WARN_CONSTANT_CONVERSION = YES;
				CLANG_WARN_DEPRECATED_OBJC_IMPLEMENTATIONS = YES;
				CLANG_WARN_DIRECT_OBJC_ISA_USAGE = YES_ERROR;
				CLANG_WARN_DOCUMENTATION_COMMENTS = YES;
				CLANG_WARN_EMPTY_BODY = YES;
				CLANG_WARN_ENUM_CONVERSION = YES;
				CLANG_WARN_INFINITE_RECURSION = YES;
				CLANG_WARN_INT_CONVERSION = YES;
				CLANG_WARN_NON_LITERAL_NULL_CONVERSION = YES;
				CLANG_WARN_OBJC_IMPLICIT_RETAIN_SELF = YES;
				CLANG_WARN_OBJC_LITERAL_CONVERSION = YES;
				CLANG_WARN_OBJC_ROOT_CLASS = YES_ERROR;
				CLANG_WARN_QUOTED_INCLUDE_IN_FRAMEWORK_HEADER = YES;
				CLANG_WARN_RANGE_LOOP_ANALYSIS = YES;
				CLANG_WARN_STRICT_PROTOTYPES = YES;
				CLANG_WARN_SUSPICIOUS_MOVE = YES;
				CLANG_WARN_UNGUARDED_AVAILABILITY = YES_AGGRESSIVE;
				CLANG_WARN_UNREACHABLE_CODE = YES;
				CLANG_WARN__DUPLICATE_METHOD_MATCH = YES;
				COPY_PHASE_STRIP = NO;
				DEBUG_INFORMATION_FORMAT = "dwarf-with-dsym";
				ENABLE_NS_ASSERTIONS = NO;
				ENABLE_STRICT_OBJC_MSGSEND = YES;
				ENABLE_USER_SCRIPT_SANDBOXING = YES;
				GCC_C_LANGUAGE_STANDARD = gnu17;
				GCC_NO_COMMON_BLOCKS = YES;
				GCC_WARN_64_TO_32_BIT_CONVERSION = YES;
				GCC_WARN_ABOUT_RETURN_TYPE = YES_ERROR;
				GCC_WARN_UNDECLARED_SELECTOR = YES;
				GCC_WARN_UNINITIALIZED_AUTOS = YES_AGGRESSIVE;
				GCC_WARN_UNUSED_FUNCTION = YES;
				GCC_WARN_UNUSED_VARIABLE = YES;
				IPHONEOS_DEPLOYMENT_TARGET = 17.0;
				LOCALIZATION_PREFERS_STRING_CATALOGS = YES;
				MTL_ENABLE_DEBUG_INFO = NO;
				MTL_FAST_MATH = YES;
				SDKROOT = iphoneos;
				SWIFT_COMPILATION_MODE = wholemodule;
				VALIDATE_PRODUCT = YES;
			};
			name = Release;
		};
		CONFIG_RELEASE_TARGET /* Release */ = {
			isa = XCBuildConfiguration;
			buildSettings = {
				ASSETCATALOG_COMPILER_APPICON_NAME = AppIcon;
				ASSETCATALOG_COMPILER_GLOBAL_ACCENT_COLOR_NAME = AccentColor;
				CODE_SIGN_STYLE = Automatic;
				CURRENT_PROJECT_VERSION = 1;
				DEVELOPMENT_ASSET_PATHS = "";
				DEVELOPMENT_TEAM = 52Y3FAXW6V;
				ENABLE_PREVIEWS = YES;
				GENERATE_INFOPLIST_FILE = YES;
				INFOPLIST_KEY_CFBundleDisplayName = BookLibrio;
				INFOPLIST_KEY_UIApplicationSceneManifest_Generation = YES;
				INFOPLIST_KEY_UIApplicationSupportsIndirectInputEvents = YES;
				INFOPLIST_KEY_UILaunchScreen_Generation = YES;
				INFOPLIST_KEY_UISupportedInterfaceOrientations_iPad = "UIInterfaceOrientationPortrait UIInterfaceOrientationPortraitUpsideDown UIInterfaceOrientationLandscapeLeft UIInterfaceOrientationLandscapeRight";
				INFOPLIST_KEY_UISupportedInterfaceOrientations_iPhone = "UIInterfaceOrientationPortrait UIInterfaceOrientationLandscapeLeft UIInterfaceOrientationLandscapeRight";
				LD_RUNPATH_SEARCH_PATHS = (
					"$(inherited)",
					"@executable_path/Frameworks",
				);
				MARKETING_VERSION = 1.0;
				PRODUCT_BUNDLE_IDENTIFIER = com.booklibrio.app;
				PRODUCT_NAME = "$(TARGET_NAME)";
				SWIFT_EMIT_LOC_STRINGS = YES;
				SWIFT_VERSION = 5.0;
				TARGETED_DEVICE_FAMILY = "1,2";
			};
			name = Release;
		};
/* End XCBuildConfiguration section */

/* Begin XCConfigurationList section */
		CONFIGLIST_PROJECT /* Build configuration list for PBXProject "BookPost" */ = {
			isa = XCConfigurationList;
			buildConfigurations = (
				CONFIG_DEBUG_PROJECT /* Debug */,
				CONFIG_RELEASE_PROJECT /* Release */,
			);
			defaultConfigurationIsVisible = 0;
			defaultConfigurationName = Release;
		};
		CONFIGLIST_TARGET /* Build configuration list for PBXNativeTarget "BookLibrio" */ = {
			isa = XCConfigurationList;
			buildConfigurations = (
				CONFIG_DEBUG_TARGET /* Debug */,
				CONFIG_RELEASE_TARGET /* Release */,
			);
			defaultConfigurationIsVisible = 0;
			defaultConfigurationName = Release;
		};
/* End XCConfigurationList section */
	};
	rootObject = PROJECT /* Project object */;
}
