// !$*UTF8*$!
{
	archiveVersion = 1;
	classes = {
	};
	objectVersion = 56;
	objects = {

/* Begin PBXBuildFile section */
		00651D170A9A93841BDACF9D /* PlatformListSections.swift in Sources */ = {isa = PBXBuildFile; fileRef = 3DA6B345AC275DC26C0BF5F8 /* PlatformListSections.swift */; };
		0A5CECC9BD342FB393112DF3 /* ReaderMoreActionsSheet.swift in Sources */ = {isa = PBXBuildFile; fileRef = A6946993AC4359986F8BA92B /* ReaderMoreActionsSheet.swift */; };
		0A88DFBC336009F30EA23C26 /* CategoryGridView.swift in Sources */ = {isa = PBXBuildFile; fileRef = 1182AAAA6753E25FA47228F1 /* CategoryGridView.swift */; };
		0D5B986EE828E1023733BB0E /* ProfileViewModel.swift in Sources */ = {isa = PBXBuildFile; fileRef = F5E0123FEB06DD0A412C8FAF /* ProfileViewModel.swift */; };
		119CEEF6DF5D25DF8EAAF3DB /* CachedBookMetadata.swift in Sources */ = {isa = PBXBuildFile; fileRef = F0CB48983ACF163737FBD734 /* CachedBookMetadata.swift */; };
		1469071FE4E62ABF7206C2D6 /* CuratedList.swift in Sources */ = {isa = PBXBuildFile; fileRef = D21FB403E5AA97FA742AE374 /* CuratedList.swift */; };
		1C4A69E50448AAA59861370D /* FriendThoughtBubble.swift in Sources */ = {isa = PBXBuildFile; fileRef = 600D8DC5C1309F622ADA7022 /* FriendThoughtBubble.swift */; };
		1F38A44902AA10DAEADE4D72 /* Bookmark.swift in Sources */ = {isa = PBXBuildFile; fileRef = E657812082C14524A787E310 /* Bookmark.swift */; };
		294C824267D25CF42D7C20CC /* CuratedListsView.swift in Sources */ = {isa = PBXBuildFile; fileRef = 12AC298660A832BFAD2EC86D /* CuratedListsView.swift */; };
		2BF660B5159B2C8109B0F574 /* TimelineStatsView.swift in Sources */ = {isa = PBXBuildFile; fileRef = 63A4F26EF330BBF6FE612D24 /* TimelineStatsView.swift */; };
		2C96DA67D68DF78070791F49 /* ProfileAssetsView.swift in Sources */ = {isa = PBXBuildFile; fileRef = AE9730CF7F455F0D693F549C /* ProfileAssetsView.swift */; };
		37605D333411B26FE845B990 /* BadgeMetallicCard.swift in Sources */ = {isa = PBXBuildFile; fileRef = 72B08D59928019478F94B358 /* BadgeMetallicCard.swift */; };
		389978D8DA4F5329A4BD0394 /* FriendThoughtsOverlay.swift in Sources */ = {isa = PBXBuildFile; fileRef = E5C8F5067F67D13B385D6486 /* FriendThoughtsOverlay.swift */; };
		398030140D00AD2D82A43C73 /* StoreSections.swift in Sources */ = {isa = PBXBuildFile; fileRef = 3A10D905C34F7450D3F983AA /* StoreSections.swift */; };
		47E18CF552D0A6CE077382A8 /* AddToListSheet.swift in Sources */ = {isa = PBXBuildFile; fileRef = C9A89FFF34D1530680AEDCB8 /* AddToListSheet.swift */; };
		4D878D8C3845A098B568F3F0 /* BookListDetailView.swift in Sources */ = {isa = PBXBuildFile; fileRef = D2654754B0E31AF7876E9C79 /* BookListDetailView.swift */; };
		59758F33BED89FB64C93F499 /* BookListsViewModel.swift in Sources */ = {isa = PBXBuildFile; fileRef = 924E838E589FADB20DA16D20 /* BookListsViewModel.swift */; };
		5C1D93A28845FA2F2C5F6BB5 /* CachedAsyncImage.swift in Sources */ = {isa = PBXBuildFile; fileRef = 4F36EA14C54965AFEAB0C367 /* CachedAsyncImage.swift */; };
		5C61868A190948ACD8C261E2 /* ReaderTOCTabView.swift in Sources */ = {isa = PBXBuildFile; fileRef = 09D18147904048574E19F2DF /* ReaderTOCTabView.swift */; };
		62AEB3A0C4638968C5B71E74 /* DownloadManagerView.swift in Sources */ = {isa = PBXBuildFile; fileRef = 7B43A4202DC379F8F03B8F7A /* DownloadManagerView.swift */; };
		715F7814950F59AF9BD54474 /* Category.swift in Sources */ = {isa = PBXBuildFile; fileRef = A75BE14CBCD1495B396217D4 /* Category.swift */; };
		79DD4CA99DE766F998B74621 /* ReaderDisplayToggleSheet.swift in Sources */ = {isa = PBXBuildFile; fileRef = 52B99FF43DB771DAD280A205 /* ReaderDisplayToggleSheet.swift */; };
		822BD4854D94356CD5969ED5 /* ReaderDisplaySettingsStore.swift in Sources */ = {isa = PBXBuildFile; fileRef = 308D57B51EDF7734B062E2B0 /* ReaderDisplaySettingsStore.swift */; };
		8525368F2550DF067D366C88 /* CuratedListDetailView.swift in Sources */ = {isa = PBXBuildFile; fileRef = D9D86A0A5F010A50F5F6055C /* CuratedListDetailView.swift */; };
		88EACBC3AB35F96710453A9B /* ExternalRankingsListView.swift in Sources */ = {isa = PBXBuildFile; fileRef = DB7D2BEBE8B851B4D43032CB /* ExternalRankingsListView.swift */; };
		91AA530CA3222FE4F9EEAD50 /* StatsShareCardView.swift in Sources */ = {isa = PBXBuildFile; fileRef = 5A5FA287476AF43000DBDE1C /* StatsShareCardView.swift */; };
		94AB6AA065E8A74FA4B169E2 /* CuratedListsViewModel.swift in Sources */ = {isa = PBXBuildFile; fileRef = 71F08127D2B89D6E57C258CC /* CuratedListsViewModel.swift */; };
		96B8265A5D1FF3DDCBA9C1DF /* UnavailableBooksAdminView.swift in Sources */ = {isa = PBXBuildFile; fileRef = 806C3BE9F0DD45369C75E47B /* UnavailableBooksAdminView.swift */; };
		9C4E3A0F729B38AD9B1DC5BC /* BookListsView.swift in Sources */ = {isa = PBXBuildFile; fileRef = 89D276F13760B2798AF938E5 /* BookListsView.swift */; };
		9E60E53E2D12E8A1CEF34467 /* EbookStoreView.swift in Sources */ = {isa = PBXBuildFile; fileRef = 8C5BADCF3B757CA393BA0120 /* EbookStoreView.swift */; };
		A0C8D0E9D75850C9723B0FE1 /* BookListCard.swift in Sources */ = {isa = PBXBuildFile; fileRef = 4E543190226CF26DFB2035E2 /* BookListCard.swift */; };
		A5216516691E9DC5F1BE0F11 /* BookCacheManager.swift in Sources */ = {isa = PBXBuildFile; fileRef = B79DA62E99A6FCDF623EECB9 /* BookCacheManager.swift */; };
		AD48C27CA6FCAAEDFA375378 /* ImageCache.swift in Sources */ = {isa = PBXBuildFile; fileRef = D2F7B638A54971E152540E95 /* ImageCache.swift */; };
		AFFEF6DF842BDE20EA56191C /* BookDetailSections.swift in Sources */ = {isa = PBXBuildFile; fileRef = 79C39C4F1E2EC2A2CB3F29B3 /* BookDetailSections.swift */; };
		APICACHE002 /* APIClient+Caching.swift in Sources */ = {isa = PBXBuildFile; fileRef = APICACHE001 /* APIClient+Caching.swift */; };
		B04C80A914E0606D49A0D9A9 /* EPUBNavigatorViewController.swift in Sources */ = {isa = PBXBuildFile; fileRef = 375ADCF9C4345084422C66BA /* EPUBNavigatorViewController.swift */; };
		B8B55B4235D34ED8DFA53586 /* ReadingRecordsGridView.swift in Sources */ = {isa = PBXBuildFile; fileRef = E33500B76637EEC8CF6A111E /* ReadingRecordsGridView.swift */; };
		B9D64DC095CCBA05BC85EFBE /* EPUBSearchView.swift in Sources */ = {isa = PBXBuildFile; fileRef = 0E4778EEBC3E1BF4762A56DC /* EPUBSearchView.swift */; };
		BADGE3D001 /* Badge3DView.swift in Sources */ = {isa = PBXBuildFile; fileRef = BADGE3DREF /* Badge3DView.swift */; };
		BADGETRANS001 /* BadgeTransitionView.swift in Sources */ = {isa = PBXBuildFile; fileRef = BADGETRANSREF /* BadgeTransitionView.swift */; };
		BD9407B018694DDF9908FCCB /* UserAvatarView.swift in Sources */ = {isa = PBXBuildFile; fileRef = 87353DAAC97839076674EC30 /* UserAvatarView.swift */; };
		CACHEKEYS002 /* CacheKeys.swift in Sources */ = {isa = PBXBuildFile; fileRef = CACHEKEYS001 /* CacheKeys.swift */; };
		CURATEDSTORE001 /* CuratedStoreSections.swift in Sources */ = {isa = PBXBuildFile; fileRef = CURATEDSTOREREF /* CuratedStoreSections.swift */; };
		D81DF8A9E09A6F9B60C6A237 /* StoreTabView.swift in Sources */ = {isa = PBXBuildFile; fileRef = C0C72234EC0764B4DFE662E1 /* StoreTabView.swift */; };
		DA2C3AA3DFB66FB74D90703A /* MagazineStoreView.swift in Sources */ = {isa = PBXBuildFile; fileRef = B539483F02342EB1302D3311 /* MagazineStoreView.swift */; };
		DATACACHE002 /* DataCacheManager.swift in Sources */ = {isa = PBXBuildFile; fileRef = DATACACHE001 /* DataCacheManager.swift */; };
		E207DBA357BC4F7BF77F0B0C /* TimelineMilestoneRow.swift in Sources */ = {isa = PBXBuildFile; fileRef = 5EDFDE7A71134F5FAF808BEE /* TimelineMilestoneRow.swift */; };
		E89A441F2EEC5614009B078F /* ReadiumNavigator in Frameworks */ = {isa = PBXBuildFile; productRef = E89A441E2EEC5614009B078F /* ReadiumNavigator */; };
		E89A44212EEC5614009B078F /* ReadiumShared in Frameworks */ = {isa = PBXBuildFile; productRef = E89A44202EEC5614009B078F /* ReadiumShared */; };
		E89A44232EEC5614009B078F /* ReadiumStreamer in Frameworks */ = {isa = PBXBuildFile; productRef = E89A44222EEC5614009B078F /* ReadiumStreamer */; };
		E89A44252EEC5614009B078F /* ReadiumAdapterGCDWebServer in Frameworks */ = {isa = PBXBuildFile; productRef = E89A44242EEC5614009B078F /* ReadiumAdapterGCDWebServer */; };
		EE6194888F94D9CAFAA68447 /* CreateBookListView.swift in Sources */ = {isa = PBXBuildFile; fileRef = 5D4BAFE43CC065EE8A6AE0BE /* CreateBookListView.swift */; };
		EXTRANK001 /* ExternalRankingDetailView.swift in Sources */ = {isa = PBXBuildFile; fileRef = EXTRAKKREF01 /* ExternalRankingDetailView.swift */; };
		F001 /* BookLibrioApp.swift in Sources */ = {isa = PBXBuildFile; fileRef = S001 /* BookLibrioApp.swift */; };
		F002 /* ContentView.swift in Sources */ = {isa = PBXBuildFile; fileRef = S002 /* ContentView.swift */; };
		F003 /* MainTabView.swift in Sources */ = {isa = PBXBuildFile; fileRef = S003 /* MainTabView.swift */; };
		F004 /* Badge.swift in Sources */ = {isa = PBXBuildFile; fileRef = S004 /* Badge.swift */; };
		F005 /* Book.swift in Sources */ = {isa = PBXBuildFile; fileRef = S005 /* Book.swift */; };
		F006 /* Ebook.swift in Sources */ = {isa = PBXBuildFile; fileRef = S006 /* Ebook.swift */; };
		F007 /* Magazine.swift in Sources */ = {isa = PBXBuildFile; fileRef = S007 /* Magazine.swift */; };
		F008 /* ReadingHistory.swift in Sources */ = {isa = PBXBuildFile; fileRef = S008 /* ReadingHistory.swift */; };
		F009 /* ReadingSession.swift in Sources */ = {isa = PBXBuildFile; fileRef = S009 /* ReadingSession.swift */; };
		F010 /* ReadingStats.swift in Sources */ = {isa = PBXBuildFile; fileRef = S010 /* ReadingStats.swift */; };
		F011 /* User.swift in Sources */ = {isa = PBXBuildFile; fileRef = S011 /* User.swift */; };
		F012 /* APIClient.swift in Sources */ = {isa = PBXBuildFile; fileRef = S012 /* APIClient.swift */; };
		F013 /* AuthManager.swift in Sources */ = {isa = PBXBuildFile; fileRef = S013 /* AuthManager.swift */; };
		F014 /* ReadingSessionManager.swift in Sources */ = {isa = PBXBuildFile; fileRef = S014 /* ReadingSessionManager.swift */; };
		F015 /* Extensions.swift in Sources */ = {isa = PBXBuildFile; fileRef = S015 /* Extensions.swift */; };
		F016 /* BadgesViewModel.swift in Sources */ = {isa = PBXBuildFile; fileRef = S016 /* BadgesViewModel.swift */; };
		F017 /* EbooksViewModel.swift in Sources */ = {isa = PBXBuildFile; fileRef = S017 /* EbooksViewModel.swift */; };
		F018 /* HomeViewModel.swift in Sources */ = {isa = PBXBuildFile; fileRef = S018 /* HomeViewModel.swift */; };
		F019 /* ReadingStatsViewModel.swift in Sources */ = {isa = PBXBuildFile; fileRef = S019 /* ReadingStatsViewModel.swift */; };
		F020 /* LoginView.swift in Sources */ = {isa = PBXBuildFile; fileRef = S020 /* LoginView.swift */; };
		F021 /* RegisterView.swift in Sources */ = {isa = PBXBuildFile; fileRef = S021 /* RegisterView.swift */; };
		F022 /* BooksView.swift in Sources */ = {isa = PBXBuildFile; fileRef = S022 /* BooksView.swift */; };
		F023 /* BookCoverView.swift in Sources */ = {isa = PBXBuildFile; fileRef = S023 /* BookCoverView.swift */; };
		F024 /* LoadingView.swift in Sources */ = {isa = PBXBuildFile; fileRef = S024 /* LoadingView.swift */; };
		F025 /* SearchBarView.swift in Sources */ = {isa = PBXBuildFile; fileRef = S025 /* SearchBarView.swift */; };
		F026 /* EbookDetailView.swift in Sources */ = {isa = PBXBuildFile; fileRef = S026 /* EbookDetailView.swift */; };
		F027 /* EbooksView.swift in Sources */ = {isa = PBXBuildFile; fileRef = S027 /* EbooksView.swift */; };
		F028 /* HomeView.swift in Sources */ = {isa = PBXBuildFile; fileRef = S028 /* HomeView.swift */; };
		F029 /* MagazineDetailView.swift in Sources */ = {isa = PBXBuildFile; fileRef = S029 /* MagazineDetailView.swift */; };
		F030 /* MagazinesView.swift in Sources */ = {isa = PBXBuildFile; fileRef = S030 /* MagazinesView.swift */; };
		F031 /* BadgesView.swift in Sources */ = {isa = PBXBuildFile; fileRef = S031 /* BadgesView.swift */; };
		F032 /* ProfileView.swift in Sources */ = {isa = PBXBuildFile; fileRef = S032 /* ProfileView.swift */; };
		F033 /* ReadingStatsView.swift in Sources */ = {isa = PBXBuildFile; fileRef = S033 /* ReadingStatsView.swift */; };
		F034 /* PDFReaderView.swift in Sources */ = {isa = PBXBuildFile; fileRef = S034 /* PDFReaderView.swift */; };
		F035 /* Assets.xcassets in Resources */ = {isa = PBXBuildFile; fileRef = A001 /* Assets.xcassets */; };
		F036 /* Logger.swift in Sources */ = {isa = PBXBuildFile; fileRef = S036 /* Logger.swift */; };
		F037 /* L10n.swift in Sources */ = {isa = PBXBuildFile; fileRef = S037 /* L10n.swift */; };
		F038 /* Localizable.strings in Resources */ = {isa = PBXBuildFile; fileRef = R001 /* Localizable.strings */; };
		F039 /* BookDetail.swift in Sources */ = {isa = PBXBuildFile; fileRef = S038 /* BookDetail.swift */; };
		F040 /* BookDetailView.swift in Sources */ = {isa = PBXBuildFile; fileRef = S039 /* BookDetailView.swift */; };
		F041 /* ReviewFormView.swift in Sources */ = {isa = PBXBuildFile; fileRef = S040 /* ReviewFormView.swift */; };
		F042 /* Social.swift in Sources */ = {isa = PBXBuildFile; fileRef = S042 /* Social.swift */; };
		F043 /* MyBookshelfView.swift in Sources */ = {isa = PBXBuildFile; fileRef = S043 /* MyBookshelfView.swift */; };
		F044 /* LeaderboardView.swift in Sources */ = {isa = PBXBuildFile; fileRef = S044 /* LeaderboardView.swift */; };
		F045 /* UserProfileView.swift in Sources */ = {isa = PBXBuildFile; fileRef = S045 /* UserProfileView.swift */; };
		F046 /* FollowListView.swift in Sources */ = {isa = PBXBuildFile; fileRef = S046 /* FollowListView.swift */; };
		F047 /* ActivityFeedView.swift in Sources */ = {isa = PBXBuildFile; fileRef = S047 /* ActivityFeedView.swift */; };
		F048 /* ReadingGoal.swift in Sources */ = {isa = PBXBuildFile; fileRef = S048 /* ReadingGoal.swift */; };
		F049 /* DailyGoalsView.swift in Sources */ = {isa = PBXBuildFile; fileRef = S049 /* DailyGoalsView.swift */; };
		F050 /* StreakView.swift in Sources */ = {isa = PBXBuildFile; fileRef = S050 /* StreakView.swift */; };
		F051 /* Note.swift in Sources */ = {isa = PBXBuildFile; fileRef = S051 /* Note.swift */; };
		F052 /* NotesListView.swift in Sources */ = {isa = PBXBuildFile; fileRef = S052 /* NotesListView.swift */; };
		F053 /* NoteCard.swift in Sources */ = {isa = PBXBuildFile; fileRef = S053 /* NoteCard.swift */; };
		F054 /* NoteDetailView.swift in Sources */ = {isa = PBXBuildFile; fileRef = S054 /* NoteDetailView.swift */; };
		F055 /* ReaderModels.swift in Sources */ = {isa = PBXBuildFile; fileRef = S055 /* ReaderModels.swift */; };
		F056 /* ReaderContainerView.swift in Sources */ = {isa = PBXBuildFile; fileRef = S056 /* ReaderContainerView.swift */; };
		F057 /* EnhancedPDFReaderView.swift in Sources */ = {isa = PBXBuildFile; fileRef = S057 /* EnhancedPDFReaderView.swift */; };
		F058 /* ReaderSettingsSheet.swift in Sources */ = {isa = PBXBuildFile; fileRef = S058 /* ReaderSettingsSheet.swift */; };
		F059 /* EPUBReaderView.swift in Sources */ = {isa = PBXBuildFile; fileRef = S059 /* EPUBReaderView.swift */; };
		F060 /* EPUBReaderViewModel.swift in Sources */ = {isa = PBXBuildFile; fileRef = S060 /* EPUBReaderViewModel.swift */; };
		F060B7918DF8E043CD587840 /* BookList.swift in Sources */ = {isa = PBXBuildFile; fileRef = 9553999466AF980B5A4245A0 /* BookList.swift */; };
		F061 /* StoreHomeView.swift in Sources */ = {isa = PBXBuildFile; fileRef = S061 /* StoreHomeView.swift */; };
		F062 /* StoreCategoryView.swift in Sources */ = {isa = PBXBuildFile; fileRef = S062 /* StoreCategoryView.swift */; };
		F063 /* StoreRankingView.swift in Sources */ = {isa = PBXBuildFile; fileRef = S063 /* StoreRankingView.swift */; };
		F064 /* StoreSearchView.swift in Sources */ = {isa = PBXBuildFile; fileRef = S064 /* StoreSearchView.swift */; };
		F065 /* StoreViewModel.swift in Sources */ = {isa = PBXBuildFile; fileRef = S065 /* StoreViewModel.swift */; };
		F066 /* TextSelectionMenu.swift in Sources */ = {isa = PBXBuildFile; fileRef = S066 /* TextSelectionMenu.swift */; };
		F067 /* ReadingTabView.swift in Sources */ = {isa = PBXBuildFile; fileRef = S067 /* ReadingTabView.swift */; };
		F068 /* FriendsTabView.swift in Sources */ = {isa = PBXBuildFile; fileRef = S068 /* FriendsTabView.swift */; };
		F069 /* AudioPlayerView.swift in Sources */ = {isa = PBXBuildFile; fileRef = S069 /* AudioPlayerView.swift */; };
		F070 /* MiniPlayerView.swift in Sources */ = {isa = PBXBuildFile; fileRef = S070 /* MiniPlayerView.swift */; };
		F071 /* AIQuestionView.swift in Sources */ = {isa = PBXBuildFile; fileRef = S071 /* AIQuestionView.swift */; };
		F072 /* ShareSheet.swift in Sources */ = {isa = PBXBuildFile; fileRef = S072 /* ShareSheet.swift */; };
		F073 /* TopicSelectionView.swift in Sources */ = {isa = PBXBuildFile; fileRef = S073 /* TopicSelectionView.swift */; };
		F074 /* MembershipView.swift in Sources */ = {isa = PBXBuildFile; fileRef = S074 /* MembershipView.swift */; };
		F075 /* SettingsView.swift in Sources */ = {isa = PBXBuildFile; fileRef = S075 /* SettingsView.swift */; };
		F076 /* BadgeDetailView.swift in Sources */ = {isa = PBXBuildFile; fileRef = S076 /* BadgeDetailView.swift */; };
		F077 /* OnboardingView.swift in Sources */ = {isa = PBXBuildFile; fileRef = S077 /* OnboardingView.swift */; };
		F078 /* MessageInboxView.swift in Sources */ = {isa = PBXBuildFile; fileRef = S078 /* MessageInboxView.swift */; };
		F079 /* AILookupView.swift in Sources */ = {isa = PBXBuildFile; fileRef = S079 /* AILookupView.swift */; };
		F080 /* VoiceSelectionView.swift in Sources */ = {isa = PBXBuildFile; fileRef = S080 /* VoiceSelectionView.swift */; };
		F081 /* SleepTimerView.swift in Sources */ = {isa = PBXBuildFile; fileRef = S081 /* SleepTimerView.swift */; };
		F082 /* PopularHighlightsView.swift in Sources */ = {isa = PBXBuildFile; fileRef = S082 /* PopularHighlightsView.swift */; };
		F083 /* AIGuideView.swift in Sources */ = {isa = PBXBuildFile; fileRef = S083 /* AIGuideView.swift */; };
		F084 /* AIOutlineView.swift in Sources */ = {isa = PBXBuildFile; fileRef = S084 /* AIOutlineView.swift */; };
		F085 /* RelatedBooksView.swift in Sources */ = {isa = PBXBuildFile; fileRef = S085 /* RelatedBooksView.swift */; };
		F086 /* RedeemCodeView.swift in Sources */ = {isa = PBXBuildFile; fileRef = S086 /* RedeemCodeView.swift */; };
		F087 /* PublishThoughtView.swift in Sources */ = {isa = PBXBuildFile; fileRef = S087 /* PublishThoughtView.swift */; };
		F4B8BC42B20032A214491F41 /* AwardSections.swift in Sources */ = {isa = PBXBuildFile; fileRef = B6D5B18E0F0A8E2065C5886D /* AwardSections.swift */; };
		F9B9A3AECC7E366A0AE82596 /* CategoryDetailView.swift in Sources */ = {isa = PBXBuildFile; fileRef = 4833F0DD088FC56E2EFC38A2 /* CategoryDetailView.swift */; };
		FA719BD078D431F3E01DBE89 /* EPUBBookmarksView.swift in Sources */ = {isa = PBXBuildFile; fileRef = 29296F4BACA66508F83E36D8 /* EPUBBookmarksView.swift */; };
		FF2515678487759373103037 /* ProfileCharts.swift in Sources */ = {isa = PBXBuildFile; fileRef = F558D021EF8979D4D7BB2D0B /* ProfileCharts.swift */; };
		FFBFF705B25ECED55A8A1BB9 /* EditorPicksListView.swift in Sources */ = {isa = PBXBuildFile; fileRef = 64E8AB2D00DF565011343681 /* EditorPicksListView.swift */; };
		MEANING001 /* MeaningPopupView.swift in Sources */ = {isa = PBXBuildFile; fileRef = MEANINGREF /* MeaningPopupView.swift */; };
		R2CONFIG001 /* R2Config.swift in Sources */ = {isa = PBXBuildFile; fileRef = R2CONFIG001REF /* R2Config.swift */; };
		SENTRY001 /* SentryManager.swift in Sources */ = {isa = PBXBuildFile; fileRef = SENTRY001REF /* SentryManager.swift */; };
		SENTRY_FW001 /* Sentry in Frameworks */ = {isa = PBXBuildFile; productRef = SENTRY_PKG001 /* Sentry */; };
		STORE001 /* Store.swift in Sources */ = {isa = PBXBuildFile; fileRef = STOREREF /* Store.swift */; };
/* End PBXBuildFile section */

/* Begin PBXFileReference section */
		09D18147904048574E19F2DF /* ReaderTOCTabView.swift */ = {isa = PBXFileReference; includeInIndex = 1; lastKnownFileType = sourcecode.swift; name = ReaderTOCTabView.swift; path = ReaderTOCTabView.swift; sourceTree = "<group>"; };
		0E4778EEBC3E1BF4762A56DC /* EPUBSearchView.swift */ = {isa = PBXFileReference; includeInIndex = 1; lastKnownFileType = sourcecode.swift; name = EPUBSearchView.swift; path = EPUBSearchView.swift; sourceTree = "<group>"; };
		1182AAAA6753E25FA47228F1 /* CategoryGridView.swift */ = {isa = PBXFileReference; includeInIndex = 1; lastKnownFileType = sourcecode.swift; path = CategoryGridView.swift; sourceTree = "<group>"; };
		12AC298660A832BFAD2EC86D /* CuratedListsView.swift */ = {isa = PBXFileReference; includeInIndex = 1; lastKnownFileType = sourcecode.swift; path = BookLibrio/Views/CuratedLists/CuratedListsView.swift; sourceTree = SOURCE_ROOT; };
		29296F4BACA66508F83E36D8 /* EPUBBookmarksView.swift */ = {isa = PBXFileReference; includeInIndex = 1; lastKnownFileType = sourcecode.swift; name = EPUBBookmarksView.swift; path = EPUBBookmarksView.swift; sourceTree = "<group>"; };
		308D57B51EDF7734B062E2B0 /* ReaderDisplaySettingsStore.swift */ = {isa = PBXFileReference; includeInIndex = 1; lastKnownFileType = sourcecode.swift; name = ReaderDisplaySettingsStore.swift; path = ReaderDisplaySettingsStore.swift; sourceTree = "<group>"; };
		375ADCF9C4345084422C66BA /* EPUBNavigatorViewController.swift */ = {isa = PBXFileReference; includeInIndex = 1; lastKnownFileType = sourcecode.swift; name = EPUBNavigatorViewController.swift; path = EPUBNavigatorViewController.swift; sourceTree = "<group>"; };
		3A10D905C34F7450D3F983AA /* StoreSections.swift */ = {isa = PBXFileReference; includeInIndex = 1; lastKnownFileType = sourcecode.swift; name = StoreSections.swift; path = StoreSections.swift; sourceTree = "<group>"; };
		3DA6B345AC275DC26C0BF5F8 /* PlatformListSections.swift */ = {isa = PBXFileReference; includeInIndex = 1; lastKnownFileType = sourcecode.swift; path = PlatformListSections.swift; sourceTree = "<group>"; };
		4833F0DD088FC56E2EFC38A2 /* CategoryDetailView.swift */ = {isa = PBXFileReference; includeInIndex = 1; lastKnownFileType = sourcecode.swift; path = CategoryDetailView.swift; sourceTree = "<group>"; };
		4E543190226CF26DFB2035E2 /* BookListCard.swift */ = {isa = PBXFileReference; includeInIndex = 1; lastKnownFileType = sourcecode.swift; name = BookListCard.swift; path = BookListCard.swift; sourceTree = "<group>"; };
		4F36EA14C54965AFEAB0C367 /* CachedAsyncImage.swift */ = {isa = PBXFileReference; includeInIndex = 1; lastKnownFileType = sourcecode.swift; path = CachedAsyncImage.swift; sourceTree = "<group>"; };
		52B99FF43DB771DAD280A205 /* ReaderDisplayToggleSheet.swift */ = {isa = PBXFileReference; includeInIndex = 1; lastKnownFileType = sourcecode.swift; name = ReaderDisplayToggleSheet.swift; path = ReaderDisplayToggleSheet.swift; sourceTree = "<group>"; };
		5A5FA287476AF43000DBDE1C /* StatsShareCardView.swift */ = {isa = PBXFileReference; includeInIndex = 1; lastKnownFileType = sourcecode.swift; name = StatsShareCardView.swift; path = StatsShareCardView.swift; sourceTree = "<group>"; };
		5D4BAFE43CC065EE8A6AE0BE /* CreateBookListView.swift */ = {isa = PBXFileReference; includeInIndex = 1; lastKnownFileType = sourcecode.swift; name = CreateBookListView.swift; path = CreateBookListView.swift; sourceTree = "<group>"; };
		5EDFDE7A71134F5FAF808BEE /* TimelineMilestoneRow.swift */ = {isa = PBXFileReference; includeInIndex = 1; lastKnownFileType = sourcecode.swift; name = TimelineMilestoneRow.swift; path = TimelineMilestoneRow.swift; sourceTree = "<group>"; };
		600D8DC5C1309F622ADA7022 /* FriendThoughtBubble.swift */ = {isa = PBXFileReference; includeInIndex = 1; lastKnownFileType = sourcecode.swift; name = FriendThoughtBubble.swift; path = FriendThoughtBubble.swift; sourceTree = "<group>"; };
		63A4F26EF330BBF6FE612D24 /* TimelineStatsView.swift */ = {isa = PBXFileReference; includeInIndex = 1; lastKnownFileType = sourcecode.swift; name = TimelineStatsView.swift; path = TimelineStatsView.swift; sourceTree = "<group>"; };
		64E8AB2D00DF565011343681 /* EditorPicksListView.swift */ = {isa = PBXFileReference; explicitFileType = sourcecode.swift; includeInIndex = 1; name = EditorPicksListView.swift; path = BookLibrio/Views/Store/EditorPicksListView.swift; sourceTree = SOURCE_ROOT; };
		71F08127D2B89D6E57C258CC /* CuratedListsViewModel.swift */ = {isa = PBXFileReference; includeInIndex = 1; lastKnownFileType = sourcecode.swift; path = BookLibrio/ViewModels/CuratedListsViewModel.swift; sourceTree = SOURCE_ROOT; };
		72B08D59928019478F94B358 /* BadgeMetallicCard.swift */ = {isa = PBXFileReference; includeInIndex = 1; lastKnownFileType = sourcecode.swift; path = BookLibrio/Views/Profile/BadgeMetallicCard.swift; sourceTree = SOURCE_ROOT; };
		79C39C4F1E2EC2A2CB3F29B3 /* BookDetailSections.swift */ = {isa = PBXFileReference; includeInIndex = 1; lastKnownFileType = sourcecode.swift; name = BookDetailSections.swift; path = BookDetailSections.swift; sourceTree = "<group>"; };
		7B43A4202DC379F8F03B8F7A /* DownloadManagerView.swift */ = {isa = PBXFileReference; includeInIndex = 1; lastKnownFileType = sourcecode.swift; path = DownloadManagerView.swift; sourceTree = "<group>"; };
		806C3BE9F0DD45369C75E47B /* UnavailableBooksAdminView.swift */ = {isa = PBXFileReference; includeInIndex = 1; lastKnownFileType = sourcecode.swift; path = BookLibrio/Views/CuratedLists/UnavailableBooksAdminView.swift; sourceTree = SOURCE_ROOT; };
		87353DAAC97839076674EC30 /* UserAvatarView.swift */ = {isa = PBXFileReference; includeInIndex = 1; lastKnownFileType = sourcecode.swift; path = BookLibrio/Views/Components/UserAvatarView.swift; sourceTree = SOURCE_ROOT; };
		89D276F13760B2798AF938E5 /* BookListsView.swift */ = {isa = PBXFileReference; includeInIndex = 1; lastKnownFileType = sourcecode.swift; name = BookListsView.swift; path = BookListsView.swift; sourceTree = "<group>"; };
		8C5BADCF3B757CA393BA0120 /* EbookStoreView.swift */ = {isa = PBXFileReference; includeInIndex = 1; lastKnownFileType = sourcecode.swift; path = EbookStoreView.swift; sourceTree = "<group>"; };
		924E838E589FADB20DA16D20 /* BookListsViewModel.swift */ = {isa = PBXFileReference; includeInIndex = 1; lastKnownFileType = sourcecode.swift; name = BookListsViewModel.swift; path = BookListsViewModel.swift; sourceTree = "<group>"; };
		9553999466AF980B5A4245A0 /* BookList.swift */ = {isa = PBXFileReference; includeInIndex = 1; lastKnownFileType = sourcecode.swift; name = BookList.swift; path = BookList.swift; sourceTree = "<group>"; };
		A001 /* Assets.xcassets */ = {isa = PBXFileReference; lastKnownFileType = folder.assetcatalog; path = Assets.xcassets; sourceTree = "<group>"; };
		A6946993AC4359986F8BA92B /* ReaderMoreActionsSheet.swift */ = {isa = PBXFileReference; includeInIndex = 1; lastKnownFileType = sourcecode.swift; name = ReaderMoreActionsSheet.swift; path = ReaderMoreActionsSheet.swift; sourceTree = "<group>"; };
		A75BE14CBCD1495B396217D4 /* Category.swift */ = {isa = PBXFileReference; includeInIndex = 1; lastKnownFileType = sourcecode.swift; path = Category.swift; sourceTree = "<group>"; };
		AE9730CF7F455F0D693F549C /* ProfileAssetsView.swift */ = {isa = PBXFileReference; includeInIndex = 1; lastKnownFileType = sourcecode.swift; name = ProfileAssetsView.swift; path = ProfileAssetsView.swift; sourceTree = "<group>"; };
		APICACHE001 /* APIClient+Caching.swift */ = {isa = PBXFileReference; lastKnownFileType = sourcecode.swift; path = "APIClient+Caching.swift"; sourceTree = "<group>"; };
		B539483F02342EB1302D3311 /* MagazineStoreView.swift */ = {isa = PBXFileReference; includeInIndex = 1; lastKnownFileType = sourcecode.swift; path = MagazineStoreView.swift; sourceTree = "<group>"; };
		B6D5B18E0F0A8E2065C5886D /* AwardSections.swift */ = {isa = PBXFileReference; includeInIndex = 1; lastKnownFileType = sourcecode.swift; path = AwardSections.swift; sourceTree = "<group>"; };
		B79DA62E99A6FCDF623EECB9 /* BookCacheManager.swift */ = {isa = PBXFileReference; includeInIndex = 1; lastKnownFileType = sourcecode.swift; path = BookCacheManager.swift; sourceTree = "<group>"; };
		BADGE3DREF /* Badge3DView.swift */ = {isa = PBXFileReference; includeInIndex = 1; lastKnownFileType = sourcecode.swift; name = Badge3DView.swift; path = Badge3DView.swift; sourceTree = "<group>"; };
		BADGETRANSREF /* BadgeTransitionView.swift */ = {isa = PBXFileReference; includeInIndex = 1; lastKnownFileType = sourcecode.swift; name = BadgeTransitionView.swift; path = BadgeTransitionView.swift; sourceTree = "<group>"; };
		C0C72234EC0764B4DFE662E1 /* StoreTabView.swift */ = {isa = PBXFileReference; includeInIndex = 1; lastKnownFileType = sourcecode.swift; path = StoreTabView.swift; sourceTree = "<group>"; };
		C9A89FFF34D1530680AEDCB8 /* AddToListSheet.swift */ = {isa = PBXFileReference; includeInIndex = 1; lastKnownFileType = sourcecode.swift; name = AddToListSheet.swift; path = AddToListSheet.swift; sourceTree = "<group>"; };
		CACHEKEYS001 /* CacheKeys.swift */ = {isa = PBXFileReference; lastKnownFileType = sourcecode.swift; path = CacheKeys.swift; sourceTree = "<group>"; };
		CURATEDSTOREREF /* CuratedStoreSections.swift */ = {isa = PBXFileReference; includeInIndex = 1; lastKnownFileType = sourcecode.swift; name = CuratedStoreSections.swift; path = CuratedStoreSections.swift; sourceTree = "<group>"; };
		D21FB403E5AA97FA742AE374 /* CuratedList.swift */ = {isa = PBXFileReference; includeInIndex = 1; lastKnownFileType = sourcecode.swift; path = BookLibrio/Models/CuratedList.swift; sourceTree = SOURCE_ROOT; };
		D2654754B0E31AF7876E9C79 /* BookListDetailView.swift */ = {isa = PBXFileReference; includeInIndex = 1; lastKnownFileType = sourcecode.swift; name = BookListDetailView.swift; path = BookListDetailView.swift; sourceTree = "<group>"; };
		D2F7B638A54971E152540E95 /* ImageCache.swift */ = {isa = PBXFileReference; includeInIndex = 1; lastKnownFileType = sourcecode.swift; path = ImageCache.swift; sourceTree = "<group>"; };
		D9D86A0A5F010A50F5F6055C /* CuratedListDetailView.swift */ = {isa = PBXFileReference; includeInIndex = 1; lastKnownFileType = sourcecode.swift; path = BookLibrio/Views/CuratedLists/CuratedListDetailView.swift; sourceTree = SOURCE_ROOT; };
		DATACACHE001 /* DataCacheManager.swift */ = {isa = PBXFileReference; lastKnownFileType = sourcecode.swift; path = DataCacheManager.swift; sourceTree = "<group>"; };
		DB7D2BEBE8B851B4D43032CB /* ExternalRankingsListView.swift */ = {isa = PBXFileReference; explicitFileType = sourcecode.swift; includeInIndex = 1; name = ExternalRankingsListView.swift; path = BookLibrio/Views/Store/ExternalRankingsListView.swift; sourceTree = SOURCE_ROOT; };
		E33500B76637EEC8CF6A111E /* ReadingRecordsGridView.swift */ = {isa = PBXFileReference; includeInIndex = 1; lastKnownFileType = sourcecode.swift; name = ReadingRecordsGridView.swift; path = ReadingRecordsGridView.swift; sourceTree = "<group>"; };
		E5C8F5067F67D13B385D6486 /* FriendThoughtsOverlay.swift */ = {isa = PBXFileReference; includeInIndex = 1; lastKnownFileType = sourcecode.swift; name = FriendThoughtsOverlay.swift; path = FriendThoughtsOverlay.swift; sourceTree = "<group>"; };
		E657812082C14524A787E310 /* Bookmark.swift */ = {isa = PBXFileReference; includeInIndex = 1; lastKnownFileType = sourcecode.swift; name = Bookmark.swift; path = Bookmark.swift; sourceTree = "<group>"; };
		EXTRAKKREF01 /* ExternalRankingDetailView.swift */ = {isa = PBXFileReference; includeInIndex = 1; lastKnownFileType = sourcecode.swift; path = ExternalRankingDetailView.swift; sourceTree = "<group>"; };
		F0CB48983ACF163737FBD734 /* CachedBookMetadata.swift */ = {isa = PBXFileReference; includeInIndex = 1; lastKnownFileType = sourcecode.swift; path = CachedBookMetadata.swift; sourceTree = "<group>"; };
		F558D021EF8979D4D7BB2D0B /* ProfileCharts.swift */ = {isa = PBXFileReference; includeInIndex = 1; lastKnownFileType = sourcecode.swift; name = ProfileCharts.swift; path = ProfileCharts.swift; sourceTree = "<group>"; };
		F5E0123FEB06DD0A412C8FAF /* ProfileViewModel.swift */ = {isa = PBXFileReference; includeInIndex = 1; lastKnownFileType = sourcecode.swift; name = ProfileViewModel.swift; path = ProfileViewModel.swift; sourceTree = "<group>"; };
		MEANINGREF /* MeaningPopupView.swift */ = {isa = PBXFileReference; lastKnownFileType = sourcecode.swift; path = MeaningPopupView.swift; sourceTree = "<group>"; };
		PRODUCT /* BookLibrio.app */ = {isa = PBXFileReference; explicitFileType = wrapper.application; includeInIndex = 0; path = BookLibrio.app; sourceTree = BUILT_PRODUCTS_DIR; };
		R002 /* en */ = {isa = PBXFileReference; lastKnownFileType = text.plist.strings; name = en; path = en.lproj/Localizable.strings; sourceTree = "<group>"; };
		R003 /* zh-Hans */ = {isa = PBXFileReference; lastKnownFileType = text.plist.strings; name = "zh-Hans"; path = "zh-Hans.lproj/Localizable.strings"; sourceTree = "<group>"; };
		R2CONFIG001REF /* R2Config.swift */ = {isa = PBXFileReference; lastKnownFileType = sourcecode.swift; path = R2Config.swift; sourceTree = "<group>"; };
		S001 /* BookLibrioApp.swift */ = {isa = PBXFileReference; lastKnownFileType = sourcecode.swift; path = BookLibrioApp.swift; sourceTree = "<group>"; };
		S002 /* ContentView.swift */ = {isa = PBXFileReference; lastKnownFileType = sourcecode.swift; path = ContentView.swift; sourceTree = "<group>"; };
		S003 /* MainTabView.swift */ = {isa = PBXFileReference; lastKnownFileType = sourcecode.swift; path = MainTabView.swift; sourceTree = "<group>"; };
		S004 /* Badge.swift */ = {isa = PBXFileReference; lastKnownFileType = sourcecode.swift; path = Badge.swift; sourceTree = "<group>"; };
		S005 /* Book.swift */ = {isa = PBXFileReference; lastKnownFileType = sourcecode.swift; path = Book.swift; sourceTree = "<group>"; };
		S006 /* Ebook.swift */ = {isa = PBXFileReference; lastKnownFileType = sourcecode.swift; path = Ebook.swift; sourceTree = "<group>"; };
		S007 /* Magazine.swift */ = {isa = PBXFileReference; lastKnownFileType = sourcecode.swift; path = Magazine.swift; sourceTree = "<group>"; };
		S008 /* ReadingHistory.swift */ = {isa = PBXFileReference; lastKnownFileType = sourcecode.swift; path = ReadingHistory.swift; sourceTree = "<group>"; };
		S009 /* ReadingSession.swift */ = {isa = PBXFileReference; lastKnownFileType = sourcecode.swift; path = ReadingSession.swift; sourceTree = "<group>"; };
		S010 /* ReadingStats.swift */ = {isa = PBXFileReference; lastKnownFileType = sourcecode.swift; path = ReadingStats.swift; sourceTree = "<group>"; };
		S011 /* User.swift */ = {isa = PBXFileReference; lastKnownFileType = sourcecode.swift; path = User.swift; sourceTree = "<group>"; };
		S012 /* APIClient.swift */ = {isa = PBXFileReference; lastKnownFileType = sourcecode.swift; path = APIClient.swift; sourceTree = "<group>"; };
		S013 /* AuthManager.swift */ = {isa = PBXFileReference; lastKnownFileType = sourcecode.swift; path = AuthManager.swift; sourceTree = "<group>"; };
		S014 /* ReadingSessionManager.swift */ = {isa = PBXFileReference; lastKnownFileType = sourcecode.swift; path = ReadingSessionManager.swift; sourceTree = "<group>"; };
		S015 /* Extensions.swift */ = {isa = PBXFileReference; lastKnownFileType = sourcecode.swift; path = Extensions.swift; sourceTree = "<group>"; };
		S016 /* BadgesViewModel.swift */ = {isa = PBXFileReference; lastKnownFileType = sourcecode.swift; path = BadgesViewModel.swift; sourceTree = "<group>"; };
		S017 /* EbooksViewModel.swift */ = {isa = PBXFileReference; lastKnownFileType = sourcecode.swift; path = EbooksViewModel.swift; sourceTree = "<group>"; };
		S018 /* HomeViewModel.swift */ = {isa = PBXFileReference; lastKnownFileType = sourcecode.swift; path = HomeViewModel.swift; sourceTree = "<group>"; };
		S019 /* ReadingStatsViewModel.swift */ = {isa = PBXFileReference; lastKnownFileType = sourcecode.swift; path = ReadingStatsViewModel.swift; sourceTree = "<group>"; };
		S020 /* LoginView.swift */ = {isa = PBXFileReference; lastKnownFileType = sourcecode.swift; path = LoginView.swift; sourceTree = "<group>"; };
		S021 /* RegisterView.swift */ = {isa = PBXFileReference; lastKnownFileType = sourcecode.swift; path = RegisterView.swift; sourceTree = "<group>"; };
		S022 /* BooksView.swift */ = {isa = PBXFileReference; lastKnownFileType = sourcecode.swift; path = BooksView.swift; sourceTree = "<group>"; };
		S023 /* BookCoverView.swift */ = {isa = PBXFileReference; lastKnownFileType = sourcecode.swift; path = BookCoverView.swift; sourceTree = "<group>"; };
		S024 /* LoadingView.swift */ = {isa = PBXFileReference; lastKnownFileType = sourcecode.swift; path = LoadingView.swift; sourceTree = "<group>"; };
		S025 /* SearchBarView.swift */ = {isa = PBXFileReference; lastKnownFileType = sourcecode.swift; path = SearchBarView.swift; sourceTree = "<group>"; };
		S026 /* EbookDetailView.swift */ = {isa = PBXFileReference; lastKnownFileType = sourcecode.swift; path = EbookDetailView.swift; sourceTree = "<group>"; };
		S027 /* EbooksView.swift */ = {isa = PBXFileReference; lastKnownFileType = sourcecode.swift; path = EbooksView.swift; sourceTree = "<group>"; };
		S028 /* HomeView.swift */ = {isa = PBXFileReference; lastKnownFileType = sourcecode.swift; path = HomeView.swift; sourceTree = "<group>"; };
		S029 /* MagazineDetailView.swift */ = {isa = PBXFileReference; lastKnownFileType = sourcecode.swift; path = MagazineDetailView.swift; sourceTree = "<group>"; };
		S030 /* MagazinesView.swift */ = {isa = PBXFileReference; lastKnownFileType = sourcecode.swift; path = MagazinesView.swift; sourceTree = "<group>"; };
		S031 /* BadgesView.swift */ = {isa = PBXFileReference; lastKnownFileType = sourcecode.swift; path = BadgesView.swift; sourceTree = "<group>"; };
		S032 /* ProfileView.swift */ = {isa = PBXFileReference; lastKnownFileType = sourcecode.swift; path = ProfileView.swift; sourceTree = "<group>"; };
		S033 /* ReadingStatsView.swift */ = {isa = PBXFileReference; lastKnownFileType = sourcecode.swift; path = ReadingStatsView.swift; sourceTree = "<group>"; };
		S034 /* PDFReaderView.swift */ = {isa = PBXFileReference; lastKnownFileType = sourcecode.swift; path = PDFReaderView.swift; sourceTree = "<group>"; };
		S036 /* Logger.swift */ = {isa = PBXFileReference; lastKnownFileType = sourcecode.swift; path = Logger.swift; sourceTree = "<group>"; };
		S037 /* L10n.swift */ = {isa = PBXFileReference; lastKnownFileType = sourcecode.swift; path = L10n.swift; sourceTree = "<group>"; };
		S038 /* BookDetail.swift */ = {isa = PBXFileReference; lastKnownFileType = sourcecode.swift; path = BookDetail.swift; sourceTree = "<group>"; };
		S039 /* BookDetailView.swift */ = {isa = PBXFileReference; lastKnownFileType = sourcecode.swift; path = BookDetailView.swift; sourceTree = "<group>"; };
		S040 /* ReviewFormView.swift */ = {isa = PBXFileReference; lastKnownFileType = sourcecode.swift; path = ReviewFormView.swift; sourceTree = "<group>"; };
		S042 /* Social.swift */ = {isa = PBXFileReference; lastKnownFileType = sourcecode.swift; path = Social.swift; sourceTree = "<group>"; };
		S043 /* MyBookshelfView.swift */ = {isa = PBXFileReference; lastKnownFileType = sourcecode.swift; path = MyBookshelfView.swift; sourceTree = "<group>"; };
		S044 /* LeaderboardView.swift */ = {isa = PBXFileReference; lastKnownFileType = sourcecode.swift; path = LeaderboardView.swift; sourceTree = "<group>"; };
		S045 /* UserProfileView.swift */ = {isa = PBXFileReference; lastKnownFileType = sourcecode.swift; path = UserProfileView.swift; sourceTree = "<group>"; };
		S046 /* FollowListView.swift */ = {isa = PBXFileReference; lastKnownFileType = sourcecode.swift; path = FollowListView.swift; sourceTree = "<group>"; };
		S047 /* ActivityFeedView.swift */ = {isa = PBXFileReference; lastKnownFileType = sourcecode.swift; path = ActivityFeedView.swift; sourceTree = "<group>"; };
		S048 /* ReadingGoal.swift */ = {isa = PBXFileReference; lastKnownFileType = sourcecode.swift; path = ReadingGoal.swift; sourceTree = "<group>"; };
		S049 /* DailyGoalsView.swift */ = {isa = PBXFileReference; lastKnownFileType = sourcecode.swift; path = DailyGoalsView.swift; sourceTree = "<group>"; };
		S050 /* StreakView.swift */ = {isa = PBXFileReference; lastKnownFileType = sourcecode.swift; path = StreakView.swift; sourceTree = "<group>"; };
		S051 /* Note.swift */ = {isa = PBXFileReference; lastKnownFileType = sourcecode.swift; path = Note.swift; sourceTree = "<group>"; };
		S052 /* NotesListView.swift */ = {isa = PBXFileReference; lastKnownFileType = sourcecode.swift; path = NotesListView.swift; sourceTree = "<group>"; };
		S053 /* NoteCard.swift */ = {isa = PBXFileReference; lastKnownFileType = sourcecode.swift; path = NoteCard.swift; sourceTree = "<group>"; };
		S054 /* NoteDetailView.swift */ = {isa = PBXFileReference; lastKnownFileType = sourcecode.swift; path = NoteDetailView.swift; sourceTree = "<group>"; };
		S055 /* ReaderModels.swift */ = {isa = PBXFileReference; lastKnownFileType = sourcecode.swift; path = ReaderModels.swift; sourceTree = "<group>"; };
		S056 /* ReaderContainerView.swift */ = {isa = PBXFileReference; lastKnownFileType = sourcecode.swift; path = ReaderContainerView.swift; sourceTree = "<group>"; };
		S057 /* EnhancedPDFReaderView.swift */ = {isa = PBXFileReference; lastKnownFileType = sourcecode.swift; path = EnhancedPDFReaderView.swift; sourceTree = "<group>"; };
		S058 /* ReaderSettingsSheet.swift */ = {isa = PBXFileReference; lastKnownFileType = sourcecode.swift; path = ReaderSettingsSheet.swift; sourceTree = "<group>"; };
		S059 /* EPUBReaderView.swift */ = {isa = PBXFileReference; lastKnownFileType = sourcecode.swift; path = EPUBReaderView.swift; sourceTree = "<group>"; };
		S060 /* EPUBReaderViewModel.swift */ = {isa = PBXFileReference; lastKnownFileType = sourcecode.swift; path = EPUBReaderViewModel.swift; sourceTree = "<group>"; };
		S061 /* StoreHomeView.swift */ = {isa = PBXFileReference; lastKnownFileType = sourcecode.swift; path = StoreHomeView.swift; sourceTree = "<group>"; };
		S062 /* StoreCategoryView.swift */ = {isa = PBXFileReference; lastKnownFileType = sourcecode.swift; path = StoreCategoryView.swift; sourceTree = "<group>"; };
		S063 /* StoreRankingView.swift */ = {isa = PBXFileReference; lastKnownFileType = sourcecode.swift; path = StoreRankingView.swift; sourceTree = "<group>"; };
		S064 /* StoreSearchView.swift */ = {isa = PBXFileReference; lastKnownFileType = sourcecode.swift; path = StoreSearchView.swift; sourceTree = "<group>"; };
		S065 /* StoreViewModel.swift */ = {isa = PBXFileReference; lastKnownFileType = sourcecode.swift; path = StoreViewModel.swift; sourceTree = "<group>"; };
		S066 /* TextSelectionMenu.swift */ = {isa = PBXFileReference; lastKnownFileType = sourcecode.swift; path = TextSelectionMenu.swift; sourceTree = "<group>"; };
		S067 /* ReadingTabView.swift */ = {isa = PBXFileReference; lastKnownFileType = sourcecode.swift; path = ReadingTabView.swift; sourceTree = "<group>"; };
		S068 /* FriendsTabView.swift */ = {isa = PBXFileReference; lastKnownFileType = sourcecode.swift; path = FriendsTabView.swift; sourceTree = "<group>"; };
		S069 /* AudioPlayerView.swift */ = {isa = PBXFileReference; lastKnownFileType = sourcecode.swift; path = AudioPlayerView.swift; sourceTree = "<group>"; };
		S070 /* MiniPlayerView.swift */ = {isa = PBXFileReference; lastKnownFileType = sourcecode.swift; path = MiniPlayerView.swift; sourceTree = "<group>"; };
		S071 /* AIQuestionView.swift */ = {isa = PBXFileReference; lastKnownFileType = sourcecode.swift; path = AIQuestionView.swift; sourceTree = "<group>"; };
		S072 /* ShareSheet.swift */ = {isa = PBXFileReference; lastKnownFileType = sourcecode.swift; path = ShareSheet.swift; sourceTree = "<group>"; };
		S073 /* TopicSelectionView.swift */ = {isa = PBXFileReference; lastKnownFileType = sourcecode.swift; path = TopicSelectionView.swift; sourceTree = "<group>"; };
		S074 /* MembershipView.swift */ = {isa = PBXFileReference; lastKnownFileType = sourcecode.swift; path = MembershipView.swift; sourceTree = "<group>"; };
		S075 /* SettingsView.swift */ = {isa = PBXFileReference; lastKnownFileType = sourcecode.swift; path = SettingsView.swift; sourceTree = "<group>"; };
		S076 /* BadgeDetailView.swift */ = {isa = PBXFileReference; lastKnownFileType = sourcecode.swift; path = BadgeDetailView.swift; sourceTree = "<group>"; };
		S077 /* OnboardingView.swift */ = {isa = PBXFileReference; lastKnownFileType = sourcecode.swift; path = OnboardingView.swift; sourceTree = "<group>"; };
		S078 /* MessageInboxView.swift */ = {isa = PBXFileReference; lastKnownFileType = sourcecode.swift; path = MessageInboxView.swift; sourceTree = "<group>"; };
		S079 /* AILookupView.swift */ = {isa = PBXFileReference; lastKnownFileType = sourcecode.swift; path = AILookupView.swift; sourceTree = "<group>"; };
		S080 /* VoiceSelectionView.swift */ = {isa = PBXFileReference; lastKnownFileType = sourcecode.swift; path = VoiceSelectionView.swift; sourceTree = "<group>"; };
		S081 /* SleepTimerView.swift */ = {isa = PBXFileReference; lastKnownFileType = sourcecode.swift; path = SleepTimerView.swift; sourceTree = "<group>"; };
		S082 /* PopularHighlightsView.swift */ = {isa = PBXFileReference; lastKnownFileType = sourcecode.swift; path = PopularHighlightsView.swift; sourceTree = "<group>"; };
		S083 /* AIGuideView.swift */ = {isa = PBXFileReference; lastKnownFileType = sourcecode.swift; path = AIGuideView.swift; sourceTree = "<group>"; };
		S084 /* AIOutlineView.swift */ = {isa = PBXFileReference; lastKnownFileType = sourcecode.swift; path = AIOutlineView.swift; sourceTree = "<group>"; };
		S085 /* RelatedBooksView.swift */ = {isa = PBXFileReference; lastKnownFileType = sourcecode.swift; path = RelatedBooksView.swift; sourceTree = "<group>"; };
		S086 /* RedeemCodeView.swift */ = {isa = PBXFileReference; lastKnownFileType = sourcecode.swift; path = RedeemCodeView.swift; sourceTree = "<group>"; };
		S087 /* PublishThoughtView.swift */ = {isa = PBXFileReference; lastKnownFileType = sourcecode.swift; path = PublishThoughtView.swift; sourceTree = "<group>"; };
		SENTRY001REF /* SentryManager.swift */ = {isa = PBXFileReference; lastKnownFileType = sourcecode.swift; path = SentryManager.swift; sourceTree = "<group>"; };
		STOREREF /* Store.swift */ = {isa = PBXFileReference; lastKnownFileType = sourcecode.swift; path = Store.swift; sourceTree = "<group>"; };
/* End PBXFileReference section */

/* Begin PBXFrameworksBuildPhase section */
		FRAMEWORKS /* Frameworks */ = {
			isa = PBXFrameworksBuildPhase;
			buildActionMask = 2147483647;
			files = (
				E89A441F2EEC5614009B078F /* ReadiumNavigator in Frameworks */,
				E89A44232EEC5614009B078F /* ReadiumStreamer in Frameworks */,
				E89A44212EEC5614009B078F /* ReadiumShared in Frameworks */,
				E89A44252EEC5614009B078F /* ReadiumAdapterGCDWebServer in Frameworks */,
				SENTRY_FW001 /* Sentry in Frameworks */,
			);
			runOnlyForDeploymentPostprocessing = 0;
		};
/* End PBXFrameworksBuildPhase section */

/* Begin PBXGroup section */
		9610DF256BF678A8B16BAA16 /* CuratedLists */ = {
			isa = PBXGroup;
			children = (
				12AC298660A832BFAD2EC86D /* CuratedListsView.swift */,
				D9D86A0A5F010A50F5F6055C /* CuratedListDetailView.swift */,
				806C3BE9F0DD45369C75E47B /* UnavailableBooksAdminView.swift */,
			);
			name = CuratedLists;
			path = CuratedLists;
			sourceTree = "<group>";
		};
		APP /* App */ = {
			isa = PBXGroup;
			children = (
				S001 /* BookLibrioApp.swift */,
				S002 /* ContentView.swift */,
				S003 /* MainTabView.swift */,
			);
			path = App;
			sourceTree = "<group>";
		};
		E840BC9EDF0D1B0DEA7C0D9E /* Category */ = {
			isa = PBXGroup;
			children = (
				1182AAAA6753E25FA47228F1 /* CategoryGridView.swift */,
				4833F0DD088FC56E2EFC38A2 /* CategoryDetailView.swift */,
			);
			name = Category;
			path = Category;
			sourceTree = "<group>";
		};
		MAIN /* BookLibrio */ = {
			isa = PBXGroup;
			children = (
				APP /* App */,
				MODELS /* Models */,
				VIEWS /* Views */,
				VIEWMODELS /* ViewModels */,
				SERVICES /* Services */,
				UTILITIES /* Utilities */,
				RESOURCES /* Resources */,
				A001 /* Assets.xcassets */,
			);
			path = BookLibrio;
			sourceTree = "<group>";
		};
		MODELS /* Models */ = {
			isa = PBXGroup;
			children = (
				S004 /* Badge.swift */,
				S005 /* Book.swift */,
				S038 /* BookDetail.swift */,
				9553999466AF980B5A4245A0 /* BookList.swift */,
				E657812082C14524A787E310 /* Bookmark.swift */,
				S006 /* Ebook.swift */,
				S007 /* Magazine.swift */,
				S051 /* Note.swift */,
				S008 /* ReadingHistory.swift */,
				S048 /* ReadingGoal.swift */,
				S055 /* ReaderModels.swift */,
				S009 /* ReadingSession.swift */,
				S010 /* ReadingStats.swift */,
				S042 /* Social.swift */,
				STOREREF /* Store.swift */,
				S011 /* User.swift */,
				A75BE14CBCD1495B396217D4 /* Category.swift */,
				D21FB403E5AA97FA742AE374 /* CuratedList.swift */,
				F0CB48983ACF163737FBD734 /* CachedBookMetadata.swift */,
			);
			path = Models;
			sourceTree = "<group>";
		};
		PRODUCTS /* Products */ = {
			isa = PBXGroup;
			children = (
				PRODUCT /* BookLibrio.app */,
			);
			name = Products;
			sourceTree = "<group>";
		};
		RESOURCES /* Resources */ = {
			isa = PBXGroup;
			children = (
				R001 /* Localizable.strings */,
			);
			path = Resources;
			sourceTree = "<group>";
		};
		ROOT = {
			isa = PBXGroup;
			children = (
				MAIN /* BookLibrio */,
				PRODUCTS /* Products */,
			);
			sourceTree = "<group>";
		};
		SERVICES /* Services */ = {
			isa = PBXGroup;
			children = (
				S012 /* APIClient.swift */,
				APICACHE001 /* APIClient+Caching.swift */,
				S013 /* AuthManager.swift */,
				SENTRY001REF /* SentryManager.swift */,
				R2CONFIG001REF /* R2Config.swift */,
				S014 /* ReadingSessionManager.swift */,
				D2F7B638A54971E152540E95 /* ImageCache.swift */,
				B79DA62E99A6FCDF623EECB9 /* BookCacheManager.swift */,
				DATACACHE001 /* DataCacheManager.swift */,
				CACHEKEYS001 /* CacheKeys.swift */,
			);
			path = Services;
			sourceTree = "<group>";
		};
		UTILITIES /* Utilities */ = {
			isa = PBXGroup;
			children = (
				S015 /* Extensions.swift */,
				S036 /* Logger.swift */,
				S037 /* L10n.swift */,
				308D57B51EDF7734B062E2B0 /* ReaderDisplaySettingsStore.swift */,
			);
			path = Utilities;
			sourceTree = "<group>";
		};
		VIEWMODELS /* ViewModels */ = {
			isa = PBXGroup;
			children = (
				S016 /* BadgesViewModel.swift */,
				924E838E589FADB20DA16D20 /* BookListsViewModel.swift */,
				S017 /* EbooksViewModel.swift */,
				S060 /* EPUBReaderViewModel.swift */,
				S018 /* HomeViewModel.swift */,
				F5E0123FEB06DD0A412C8FAF /* ProfileViewModel.swift */,
				S019 /* ReadingStatsViewModel.swift */,
				S065 /* StoreViewModel.swift */,
				71F08127D2B89D6E57C258CC /* CuratedListsViewModel.swift */,
			);
			path = ViewModels;
			sourceTree = "<group>";
		};
		VIEWS /* Views */ = {
			isa = PBXGroup;
			children = (
				VIEWS_AI /* AI */,
				VIEWS_AUDIOPLAYER /* AudioPlayer */,
				VIEWS_AUTH /* Auth */,
				VIEWS_BOOKLISTS /* BookLists */,
				VIEWS_BOOKS /* Books */,
				VIEWS_COMPONENTS /* Components */,
				VIEWS_EBOOKS /* Ebooks */,
				VIEWS_FRIENDS /* Friends */,
				VIEWS_HOME /* Home */,
				VIEWS_MAGAZINES /* Magazines */,
				VIEWS_MEMBERSHIP /* Membership */,
				VIEWS_MESSAGES /* Messages */,
				VIEWS_NOTES /* Notes */,
				VIEWS_ONBOARDING /* Onboarding */,
				VIEWS_PROFILE /* Profile */,
				VIEWS_READER /* Reader */,
				VIEWS_READING /* Reading */,
				VIEWS_SETTINGS /* Settings */,
				VIEWS_SHARED /* Shared */,
				VIEWS_SOCIAL /* Social */,
				VIEWS_STORE /* Store */,
				E840BC9EDF0D1B0DEA7C0D9E /* Category */,
				9610DF256BF678A8B16BAA16 /* CuratedLists */,
			);
			path = Views;
			sourceTree = "<group>";
		};
		VIEWS_AI /* AI */ = {
			isa = PBXGroup;
			children = (
				S083 /* AIGuideView.swift */,
				S079 /* AILookupView.swift */,
				S084 /* AIOutlineView.swift */,
				S071 /* AIQuestionView.swift */,
			);
			path = AI;
			sourceTree = "<group>";
		};
		VIEWS_AUDIOPLAYER /* AudioPlayer */ = {
			isa = PBXGroup;
			children = (
				S069 /* AudioPlayerView.swift */,
				S070 /* MiniPlayerView.swift */,
				S080 /* VoiceSelectionView.swift */,
				S081 /* SleepTimerView.swift */,
			);
			path = AudioPlayer;
			sourceTree = "<group>";
		};
		VIEWS_AUTH /* Auth */ = {
			isa = PBXGroup;
			children = (
				S020 /* LoginView.swift */,
				S021 /* RegisterView.swift */,
			);
			path = Auth;
			sourceTree = "<group>";
		};
		VIEWS_BOOKLISTS /* BookLists */ = {
			isa = PBXGroup;
			children = (
				C9A89FFF34D1530680AEDCB8 /* AddToListSheet.swift */,
				4E543190226CF26DFB2035E2 /* BookListCard.swift */,
				D2654754B0E31AF7876E9C79 /* BookListDetailView.swift */,
				89D276F13760B2798AF938E5 /* BookListsView.swift */,
				5D4BAFE43CC065EE8A6AE0BE /* CreateBookListView.swift */,
			);
			path = BookLists;
			sourceTree = "<group>";
		};
		VIEWS_BOOKS /* Books */ = {
			isa = PBXGroup;
			children = (
				S022 /* BooksView.swift */,
				S085 /* RelatedBooksView.swift */,
			);
			path = Books;
			sourceTree = "<group>";
		};
		VIEWS_COMPONENTS /* Components */ = {
			isa = PBXGroup;
			children = (
				S023 /* BookCoverView.swift */,
				S024 /* LoadingView.swift */,
				S025 /* SearchBarView.swift */,
				4F36EA14C54965AFEAB0C367 /* CachedAsyncImage.swift */,
				87353DAAC97839076674EC30 /* UserAvatarView.swift */,
			);
			path = Components;
			sourceTree = "<group>";
		};
		VIEWS_EBOOKS /* Ebooks */ = {
			isa = PBXGroup;
			children = (
				S026 /* EbookDetailView.swift */,
				S027 /* EbooksView.swift */,
			);
			path = Ebooks;
			sourceTree = "<group>";
		};
		VIEWS_FRIENDS /* Friends */ = {
			isa = PBXGroup;
			children = (
				S068 /* FriendsTabView.swift */,
			);
			path = Friends;
			sourceTree = "<group>";
		};
		VIEWS_HOME /* Home */ = {
			isa = PBXGroup;
			children = (
				S028 /* HomeView.swift */,
			);
			path = Home;
			sourceTree = "<group>";
		};
		VIEWS_MAGAZINES /* Magazines */ = {
			isa = PBXGroup;
			children = (
				S029 /* MagazineDetailView.swift */,
				S030 /* MagazinesView.swift */,
			);
			path = Magazines;
			sourceTree = "<group>";
		};
		VIEWS_MEMBERSHIP /* Membership */ = {
			isa = PBXGroup;
			children = (
				S074 /* MembershipView.swift */,
				S086 /* RedeemCodeView.swift */,
			);
			path = Membership;
			sourceTree = "<group>";
		};
		VIEWS_MESSAGES /* Messages */ = {
			isa = PBXGroup;
			children = (
				S078 /* MessageInboxView.swift */,
			);
			path = Messages;
			sourceTree = "<group>";
		};
		VIEWS_NOTES /* Notes */ = {
			isa = PBXGroup;
			children = (
				S053 /* NoteCard.swift */,
				S054 /* NoteDetailView.swift */,
				S052 /* NotesListView.swift */,
			);
			path = Notes;
			sourceTree = "<group>";
		};
		VIEWS_ONBOARDING /* Onboarding */ = {
			isa = PBXGroup;
			children = (
				S077 /* OnboardingView.swift */,
			);
			path = Onboarding;
			sourceTree = "<group>";
		};
		VIEWS_PROFILE /* Profile */ = {
			isa = PBXGroup;
			children = (
				S047 /* ActivityFeedView.swift */,
				S076 /* BadgeDetailView.swift */,
				BADGE3DREF /* Badge3DView.swift */,
				BADGETRANSREF /* BadgeTransitionView.swift */,
				S031 /* BadgesView.swift */,
				S049 /* DailyGoalsView.swift */,
				S046 /* FollowListView.swift */,
				S044 /* LeaderboardView.swift */,
				S043 /* MyBookshelfView.swift */,
				AE9730CF7F455F0D693F549C /* ProfileAssetsView.swift */,
				F558D021EF8979D4D7BB2D0B /* ProfileCharts.swift */,
				S032 /* ProfileView.swift */,
				E33500B76637EEC8CF6A111E /* ReadingRecordsGridView.swift */,
				S033 /* ReadingStatsView.swift */,
				5A5FA287476AF43000DBDE1C /* StatsShareCardView.swift */,
				S050 /* StreakView.swift */,
				5EDFDE7A71134F5FAF808BEE /* TimelineMilestoneRow.swift */,
				63A4F26EF330BBF6FE612D24 /* TimelineStatsView.swift */,
				S045 /* UserProfileView.swift */,
				72B08D59928019478F94B358 /* BadgeMetallicCard.swift */,
			);
			path = Profile;
			sourceTree = "<group>";
		};
		VIEWS_READER /* Reader */ = {
			isa = PBXGroup;
			children = (
				S057 /* EnhancedPDFReaderView.swift */,
				29296F4BACA66508F83E36D8 /* EPUBBookmarksView.swift */,
				375ADCF9C4345084422C66BA /* EPUBNavigatorViewController.swift */,
				S059 /* EPUBReaderView.swift */,
				0E4778EEBC3E1BF4762A56DC /* EPUBSearchView.swift */,
				600D8DC5C1309F622ADA7022 /* FriendThoughtBubble.swift */,
				E5C8F5067F67D13B385D6486 /* FriendThoughtsOverlay.swift */,
				S034 /* PDFReaderView.swift */,
				S056 /* ReaderContainerView.swift */,
				52B99FF43DB771DAD280A205 /* ReaderDisplayToggleSheet.swift */,
				A6946993AC4359986F8BA92B /* ReaderMoreActionsSheet.swift */,
				S058 /* ReaderSettingsSheet.swift */,
				09D18147904048574E19F2DF /* ReaderTOCTabView.swift */,
				S066 /* TextSelectionMenu.swift */,
				MEANINGREF /* MeaningPopupView.swift */,
			);
			path = Reader;
			sourceTree = "<group>";
		};
		VIEWS_READING /* Reading */ = {
			isa = PBXGroup;
			children = (
				S067 /* ReadingTabView.swift */,
			);
			path = Reading;
			sourceTree = "<group>";
		};
		VIEWS_SETTINGS /* Settings */ = {
			isa = PBXGroup;
			children = (
				S075 /* SettingsView.swift */,
				7B43A4202DC379F8F03B8F7A /* DownloadManagerView.swift */,
			);
			path = Settings;
			sourceTree = "<group>";
		};
		VIEWS_SHARED /* Shared */ = {
			isa = PBXGroup;
			children = (
				S039 /* BookDetailView.swift */,
				79C39C4F1E2EC2A2CB3F29B3 /* BookDetailSections.swift */,
				S040 /* ReviewFormView.swift */,
			);
			path = Shared;
			sourceTree = "<group>";
		};
		VIEWS_SOCIAL /* Social */ = {
			isa = PBXGroup;
			children = (
				S082 /* PopularHighlightsView.swift */,
				S087 /* PublishThoughtView.swift */,
				S072 /* ShareSheet.swift */,
				S073 /* TopicSelectionView.swift */,
			);
			path = Social;
			sourceTree = "<group>";
		};
		VIEWS_STORE /* Store */ = {
			isa = PBXGroup;
			children = (
				S062 /* StoreCategoryView.swift */,
				S061 /* StoreHomeView.swift */,
				S063 /* StoreRankingView.swift */,
				S064 /* StoreSearchView.swift */,
				3A10D905C34F7450D3F983AA /* StoreSections.swift */,
				CURATEDSTOREREF /* CuratedStoreSections.swift */,
				C0C72234EC0764B4DFE662E1 /* StoreTabView.swift */,
				8C5BADCF3B757CA393BA0120 /* EbookStoreView.swift */,
				B539483F02342EB1302D3311 /* MagazineStoreView.swift */,
				EXTRAKKREF01 /* ExternalRankingDetailView.swift */,
				64E8AB2D00DF565011343681 /* EditorPicksListView.swift */,
				DB7D2BEBE8B851B4D43032CB /* ExternalRankingsListView.swift */,
				3DA6B345AC275DC26C0BF5F8 /* PlatformListSections.swift */,
				B6D5B18E0F0A8E2065C5886D /* AwardSections.swift */,
			);
			path = Store;
			sourceTree = "<group>";
		};
/* End PBXGroup section */

/* Begin PBXNativeTarget section */
		TARGET /* BookLibrio */ = {
			isa = PBXNativeTarget;
			buildConfigurationList = CONFIGLIST_TARGET /* Build configuration list for PBXNativeTarget "BookLibrio" */;
			buildPhases = (
				SOURCES /* Sources */,
				FRAMEWORKS /* Frameworks */,
				RESOURCES_PHASE /* Resources */,
			);
			buildRules = (
			);
			dependencies = (
			);
			name = BookLibrio;
			packageProductDependencies = (
				SENTRY_PKG001 /* Sentry */,
			);
			productName = BookLibrio;
			productReference = PRODUCT /* BookLibrio.app */;
			productType = "com.apple.product-type.application";
		};
/* End PBXNativeTarget section */

/* Begin PBXProject section */
		PROJECT /* Project object */ = {
			isa = PBXProject;
			attributes = {
				BuildIndependentTargetsInParallel = 1;
				LastSwiftUpdateCheck = 1500;
				LastUpgradeCheck = 1500;
				TargetAttributes = {
					TARGET = {
						CreatedOnToolsVersion = 15.0;
					};
				};
			};
			buildConfigurationList = CONFIGLIST_PROJECT /* Build configuration list for PBXProject "BookLibrio" */;
			compatibilityVersion = "Xcode 14.0";
			developmentRegion = en;
			hasScannedForEncodings = 0;
			knownRegions = (
				en,
				Base,
				"zh-Hans",
			);
			mainGroup = ROOT;
			packageReferences = (
				E89A441D2EEC5614009B078F /* XCRemoteSwiftPackageReference "swift-toolkit" */,
				SENTRY_REF001 /* XCRemoteSwiftPackageReference "sentry-cocoa" */,
			);
			productRefGroup = PRODUCTS /* Products */;
			projectDirPath = "";
			projectRoot = "";
			targets = (
				TARGET /* BookLibrio */,
			);
		};
/* End PBXProject section */

/* Begin PBXResourcesBuildPhase section */
		RESOURCES_PHASE /* Resources */ = {
			isa = PBXResourcesBuildPhase;
			buildActionMask = 2147483647;
			files = (
				F035 /* Assets.xcassets in Resources */,
				F038 /* Localizable.strings in Resources */,
			);
			runOnlyForDeploymentPostprocessing = 0;
		};
/* End PBXResourcesBuildPhase section */

/* Begin PBXSourcesBuildPhase section */
		SOURCES /* Sources */ = {
			isa = PBXSourcesBuildPhase;
			buildActionMask = 2147483647;
			files = (
				F001 /* BookLibrioApp.swift in Sources */,
				F002 /* ContentView.swift in Sources */,
				F003 /* MainTabView.swift in Sources */,
				F004 /* Badge.swift in Sources */,
				F005 /* Book.swift in Sources */,
				F006 /* Ebook.swift in Sources */,
				F007 /* Magazine.swift in Sources */,
				F008 /* ReadingHistory.swift in Sources */,
				F009 /* ReadingSession.swift in Sources */,
				F010 /* ReadingStats.swift in Sources */,
				F011 /* User.swift in Sources */,
				F012 /* APIClient.swift in Sources */,
				F013 /* AuthManager.swift in Sources */,
				SENTRY001 /* SentryManager.swift in Sources */,
				R2CONFIG001 /* R2Config.swift in Sources */,
				F014 /* ReadingSessionManager.swift in Sources */,
				F015 /* Extensions.swift in Sources */,
				F016 /* BadgesViewModel.swift in Sources */,
				F017 /* EbooksViewModel.swift in Sources */,
				F018 /* HomeViewModel.swift in Sources */,
				F019 /* ReadingStatsViewModel.swift in Sources */,
				F020 /* LoginView.swift in Sources */,
				F021 /* RegisterView.swift in Sources */,
				F022 /* BooksView.swift in Sources */,
				F023 /* BookCoverView.swift in Sources */,
				F024 /* LoadingView.swift in Sources */,
				F025 /* SearchBarView.swift in Sources */,
				F026 /* EbookDetailView.swift in Sources */,
				F027 /* EbooksView.swift in Sources */,
				F028 /* HomeView.swift in Sources */,
				F029 /* MagazineDetailView.swift in Sources */,
				F030 /* MagazinesView.swift in Sources */,
				F031 /* BadgesView.swift in Sources */,
				F032 /* ProfileView.swift in Sources */,
				F033 /* ReadingStatsView.swift in Sources */,
				F034 /* PDFReaderView.swift in Sources */,
				F036 /* Logger.swift in Sources */,
				F037 /* L10n.swift in Sources */,
				F039 /* BookDetail.swift in Sources */,
				F040 /* BookDetailView.swift in Sources */,
				F041 /* ReviewFormView.swift in Sources */,
				F042 /* Social.swift in Sources */,
				F043 /* MyBookshelfView.swift in Sources */,
				F044 /* LeaderboardView.swift in Sources */,
				F045 /* UserProfileView.swift in Sources */,
				F046 /* FollowListView.swift in Sources */,
				F047 /* ActivityFeedView.swift in Sources */,
				F048 /* ReadingGoal.swift in Sources */,
				F049 /* DailyGoalsView.swift in Sources */,
				F050 /* StreakView.swift in Sources */,
				F051 /* Note.swift in Sources */,
				F052 /* NotesListView.swift in Sources */,
				F053 /* NoteCard.swift in Sources */,
				F054 /* NoteDetailView.swift in Sources */,
				F055 /* ReaderModels.swift in Sources */,
				F056 /* ReaderContainerView.swift in Sources */,
				F057 /* EnhancedPDFReaderView.swift in Sources */,
				F058 /* ReaderSettingsSheet.swift in Sources */,
				F059 /* EPUBReaderView.swift in Sources */,
				F060 /* EPUBReaderViewModel.swift in Sources */,
				F061 /* StoreHomeView.swift in Sources */,
				F062 /* StoreCategoryView.swift in Sources */,
				F063 /* StoreRankingView.swift in Sources */,
				F064 /* StoreSearchView.swift in Sources */,
				F065 /* StoreViewModel.swift in Sources */,
				F066 /* TextSelectionMenu.swift in Sources */,
				F067 /* ReadingTabView.swift in Sources */,
				F068 /* FriendsTabView.swift in Sources */,
				F069 /* AudioPlayerView.swift in Sources */,
				F070 /* MiniPlayerView.swift in Sources */,
				F071 /* AIQuestionView.swift in Sources */,
				F072 /* ShareSheet.swift in Sources */,
				F073 /* TopicSelectionView.swift in Sources */,
				F074 /* MembershipView.swift in Sources */,
				F075 /* SettingsView.swift in Sources */,
				F076 /* BadgeDetailView.swift in Sources */,
				F077 /* OnboardingView.swift in Sources */,
				F078 /* MessageInboxView.swift in Sources */,
				F079 /* AILookupView.swift in Sources */,
				F080 /* VoiceSelectionView.swift in Sources */,
				F081 /* SleepTimerView.swift in Sources */,
				F082 /* PopularHighlightsView.swift in Sources */,
				F083 /* AIGuideView.swift in Sources */,
				F084 /* AIOutlineView.swift in Sources */,
				F085 /* RelatedBooksView.swift in Sources */,
				F086 /* RedeemCodeView.swift in Sources */,
				F087 /* PublishThoughtView.swift in Sources */,
				AD48C27CA6FCAAEDFA375378 /* ImageCache.swift in Sources */,
				DATACACHE002 /* DataCacheManager.swift in Sources */,
				CACHEKEYS002 /* CacheKeys.swift in Sources */,
				APICACHE002 /* APIClient+Caching.swift in Sources */,
				5C1D93A28845FA2F2C5F6BB5 /* CachedAsyncImage.swift in Sources */,
				F060B7918DF8E043CD587840 /* BookList.swift in Sources */,
				1F38A44902AA10DAEADE4D72 /* Bookmark.swift in Sources */,
				822BD4854D94356CD5969ED5 /* ReaderDisplaySettingsStore.swift in Sources */,
				59758F33BED89FB64C93F499 /* BookListsViewModel.swift in Sources */,
				0D5B986EE828E1023733BB0E /* ProfileViewModel.swift in Sources */,
				2C96DA67D68DF78070791F49 /* ProfileAssetsView.swift in Sources */,
				FF2515678487759373103037 /* ProfileCharts.swift in Sources */,
				BADGE3D001 /* Badge3DView.swift in Sources */,
				BADGETRANS001 /* BadgeTransitionView.swift in Sources */,
				B8B55B4235D34ED8DFA53586 /* ReadingRecordsGridView.swift in Sources */,
				91AA530CA3222FE4F9EEAD50 /* StatsShareCardView.swift in Sources */,
				E207DBA357BC4F7BF77F0B0C /* TimelineMilestoneRow.swift in Sources */,
				2BF660B5159B2C8109B0F574 /* TimelineStatsView.swift in Sources */,
				FA719BD078D431F3E01DBE89 /* EPUBBookmarksView.swift in Sources */,
				B04C80A914E0606D49A0D9A9 /* EPUBNavigatorViewController.swift in Sources */,
				B9D64DC095CCBA05BC85EFBE /* EPUBSearchView.swift in Sources */,
				1C4A69E50448AAA59861370D /* FriendThoughtBubble.swift in Sources */,
				389978D8DA4F5329A4BD0394 /* FriendThoughtsOverlay.swift in Sources */,
				79DD4CA99DE766F998B74621 /* ReaderDisplayToggleSheet.swift in Sources */,
				0A5CECC9BD342FB393112DF3 /* ReaderMoreActionsSheet.swift in Sources */,
				5C61868A190948ACD8C261E2 /* ReaderTOCTabView.swift in Sources */,
				AFFEF6DF842BDE20EA56191C /* BookDetailSections.swift in Sources */,
				398030140D00AD2D82A43C73 /* StoreSections.swift in Sources */,
				CURATEDSTORE001 /* CuratedStoreSections.swift in Sources */,
				47E18CF552D0A6CE077382A8 /* AddToListSheet.swift in Sources */,
				A0C8D0E9D75850C9723B0FE1 /* BookListCard.swift in Sources */,
				4D878D8C3845A098B568F3F0 /* BookListDetailView.swift in Sources */,
				9C4E3A0F729B38AD9B1DC5BC /* BookListsView.swift in Sources */,
				EE6194888F94D9CAFAA68447 /* CreateBookListView.swift in Sources */,
				D81DF8A9E09A6F9B60C6A237 /* StoreTabView.swift in Sources */,
				9E60E53E2D12E8A1CEF34467 /* EbookStoreView.swift in Sources */,
				DA2C3AA3DFB66FB74D90703A /* MagazineStoreView.swift in Sources */,
				EXTRANK001 /* ExternalRankingDetailView.swift in Sources */,
				STORE001 /* Store.swift in Sources */,
				MEANING001 /* MeaningPopupView.swift in Sources */,
				0A88DFBC336009F30EA23C26 /* CategoryGridView.swift in Sources */,
				F9B9A3AECC7E366A0AE82596 /* CategoryDetailView.swift in Sources */,
				715F7814950F59AF9BD54474 /* Category.swift in Sources */,
				BD9407B018694DDF9908FCCB /* UserAvatarView.swift in Sources */,
				37605D333411B26FE845B990 /* BadgeMetallicCard.swift in Sources */,
				1469071FE4E62ABF7206C2D6 /* CuratedList.swift in Sources */,
				94AB6AA065E8A74FA4B169E2 /* CuratedListsViewModel.swift in Sources */,
				294C824267D25CF42D7C20CC /* CuratedListsView.swift in Sources */,
				8525368F2550DF067D366C88 /* CuratedListDetailView.swift in Sources */,
				96B8265A5D1FF3DDCBA9C1DF /* UnavailableBooksAdminView.swift in Sources */,
				119CEEF6DF5D25DF8EAAF3DB /* CachedBookMetadata.swift in Sources */,
				A5216516691E9DC5F1BE0F11 /* BookCacheManager.swift in Sources */,
				62AEB3A0C4638968C5B71E74 /* DownloadManagerView.swift in Sources */,
				FFBFF705B25ECED55A8A1BB9 /* EditorPicksListView.swift in Sources */,
				88EACBC3AB35F96710453A9B /* ExternalRankingsListView.swift in Sources */,
				00651D170A9A93841BDACF9D /* PlatformListSections.swift in Sources */,
				F4B8BC42B20032A214491F41 /* AwardSections.swift in Sources */,
			);
			runOnlyForDeploymentPostprocessing = 0;
		};
/* End PBXSourcesBuildPhase section */

/* Begin PBXVariantGroup section */
		R001 /* Localizable.strings */ = {
			isa = PBXVariantGroup;
			children = (
				R002 /* en */,
				R003 /* zh-Hans */,
			);
			name = Localizable.strings;
			sourceTree = "<group>";
		};
/* End PBXVariantGroup section */

/* Begin XCBuildConfiguration section */
		CONFIG_DEBUG_PROJECT /* Debug */ = {
			isa = XCBuildConfiguration;
			buildSettings = {
				ALWAYS_SEARCH_USER_PATHS = NO;
				ASSETCATALOG_COMPILER_GENERATE_SWIFT_ASSET_SYMBOL_EXTENSIONS = YES;
				CLANG_ANALYZER_NONNULL = YES;
				CLANG_ANALYZER_NUMBER_OBJECT_CONVERSION = YES_AGGRESSIVE;
				CLANG_CXX_LANGUAGE_STANDARD = "gnu++20";
				CLANG_ENABLE_MODULES = YES;
				CLANG_ENABLE_OBJC_ARC = YES;
				CLANG_ENABLE_OBJC_WEAK = YES;
				CLANG_WARN_BLOCK_CAPTURE_AUTORELEASING = YES;
				CLANG_WARN_BOOL_CONVERSION = YES;
				CLANG_WARN_COMMA = YES;
				CLANG_WARN_CONSTANT_CONVERSION = YES;
				CLANG_WARN_DEPRECATED_OBJC_IMPLEMENTATIONS = YES;
				CLANG_WARN_DIRECT_OBJC_ISA_USAGE = YES_ERROR;
				CLANG_WARN_DOCUMENTATION_COMMENTS = YES;
				CLANG_WARN_EMPTY_BODY = YES;
				CLANG_WARN_ENUM_CONVERSION = YES;
				CLANG_WARN_INFINITE_RECURSION = YES;
				CLANG_WARN_INT_CONVERSION = YES;
				CLANG_WARN_NON_LITERAL_NULL_CONVERSION = YES;
				CLANG_WARN_OBJC_IMPLICIT_RETAIN_SELF = YES;
				CLANG_WARN_OBJC_LITERAL_CONVERSION = YES;
				CLANG_WARN_OBJC_ROOT_CLASS = YES_ERROR;
				CLANG_WARN_QUOTED_INCLUDE_IN_FRAMEWORK_HEADER = YES;
				CLANG_WARN_RANGE_LOOP_ANALYSIS = YES;
				CLANG_WARN_STRICT_PROTOTYPES = YES;
				CLANG_WARN_SUSPICIOUS_MOVE = YES;
				CLANG_WARN_UNGUARDED_AVAILABILITY = YES_AGGRESSIVE;
				CLANG_WARN_UNREACHABLE_CODE = YES;
				CLANG_WARN__DUPLICATE_METHOD_MATCH = YES;
				COPY_PHASE_STRIP = NO;
				DEBUG_INFORMATION_FORMAT = dwarf;
				ENABLE_STRICT_OBJC_MSGSEND = YES;
				ENABLE_TESTABILITY = YES;
				ENABLE_USER_SCRIPT_SANDBOXING = YES;
				GCC_C_LANGUAGE_STANDARD = gnu17;
				GCC_DYNAMIC_NO_PIC = NO;
				GCC_NO_COMMON_BLOCKS = YES;
				GCC_OPTIMIZATION_LEVEL = 0;
				GCC_PREPROCESSOR_DEFINITIONS = (
					"DEBUG=1",
					"$(inherited)",
				);
				GCC_WARN_64_TO_32_BIT_CONVERSION = YES;
				GCC_WARN_ABOUT_RETURN_TYPE = YES_ERROR;
				GCC_WARN_UNDECLARED_SELECTOR = YES;
				GCC_WARN_UNINITIALIZED_AUTOS = YES_AGGRESSIVE;
				GCC_WARN_UNUSED_FUNCTION = YES;
				GCC_WARN_UNUSED_VARIABLE = YES;
				IPHONEOS_DEPLOYMENT_TARGET = 17.0;
				LOCALIZATION_PREFERS_STRING_CATALOGS = YES;
				MTL_ENABLE_DEBUG_INFO = INCLUDE_SOURCE;
				MTL_FAST_MATH = YES;
				ONLY_ACTIVE_ARCH = YES;
				SDKROOT = iphoneos;
				SWIFT_ACTIVE_COMPILATION_CONDITIONS = "DEBUG $(inherited)";
				SWIFT_OPTIMIZATION_LEVEL = "-Onone";
			};
			name = Debug;
		};
		CONFIG_DEBUG_TARGET /* Debug */ = {
			isa = XCBuildConfiguration;
			buildSettings = {
				ASSETCATALOG_COMPILER_APPICON_NAME = AppIcon;
				ASSETCATALOG_COMPILER_GLOBAL_ACCENT_COLOR_NAME = AccentColor;
				CODE_SIGN_STYLE = Automatic;
				CURRENT_PROJECT_VERSION = 1;
				DEVELOPMENT_ASSET_PATHS = "";
				DEVELOPMENT_TEAM = 52Y3FAXW6V;
				ENABLE_PREVIEWS = YES;
				GENERATE_INFOPLIST_FILE = YES;
				INFOPLIST_KEY_CFBundleDisplayName = BookLibrio;
				INFOPLIST_KEY_UIApplicationSceneManifest_Generation = YES;
				INFOPLIST_KEY_UIApplicationSupportsIndirectInputEvents = YES;
				INFOPLIST_KEY_UILaunchScreen_Generation = YES;
				INFOPLIST_KEY_UISupportedInterfaceOrientations_iPad = "UIInterfaceOrientationPortrait UIInterfaceOrientationPortraitUpsideDown UIInterfaceOrientationLandscapeLeft UIInterfaceOrientationLandscapeRight";
				INFOPLIST_KEY_UISupportedInterfaceOrientations_iPhone = "UIInterfaceOrientationPortrait UIInterfaceOrientationLandscapeLeft UIInterfaceOrientationLandscapeRight";
				LD_RUNPATH_SEARCH_PATHS = (
					"$(inherited)",
					"@executable_path/Frameworks",
				);
				MARKETING_VERSION = 1.0.0;
				PRODUCT_BUNDLE_IDENTIFIER = com.booklibrio.app;
				PRODUCT_NAME = "$(TARGET_NAME)";
				SWIFT_EMIT_LOC_STRINGS = YES;
				SWIFT_VERSION = 5.0;
				TARGETED_DEVICE_FAMILY = "1,2";
			};
			name = Debug;
		};
		CONFIG_RELEASE_PROJECT /* Release */ = {
			isa = XCBuildConfiguration;
			buildSettings = {
				ALWAYS_SEARCH_USER_PATHS = NO;
				ASSETCATALOG_COMPILER_GENERATE_SWIFT_ASSET_SYMBOL_EXTENSIONS = YES;
				CLANG_ANALYZER_NONNULL = YES;
				CLANG_ANALYZER_NUMBER_OBJECT_CONVERSION = YES_AGGRESSIVE;
				CLANG_CXX_LANGUAGE_STANDARD = "gnu++20";
				CLANG_ENABLE_MODULES = YES;
				CLANG_ENABLE_OBJC_ARC = YES;
				CLANG_ENABLE_OBJC_WEAK = YES;
				CLANG_WARN_BLOCK_CAPTURE_AUTORELEASING = YES;
				CLANG_WARN_BOOL_CONVERSION = YES;
				CLANG_WARN_COMMA = YES;
				CLANG_WARN_CONSTANT_CONVERSION = YES;
				CLANG_WARN_DEPRECATED_OBJC_IMPLEMENTATIONS = YES;
				CLANG_WARN_DIRECT_OBJC_ISA_USAGE = YES_ERROR;
				CLANG_WARN_DOCUMENTATION_COMMENTS = YES;
				CLANG_WARN_EMPTY_BODY = YES;
				CLANG_WARN_ENUM_CONVERSION = YES;
				CLANG_WARN_INFINITE_RECURSION = YES;
				CLANG_WARN_INT_CONVERSION = YES;
				CLANG_WARN_NON_LITERAL_NULL_CONVERSION = YES;
				CLANG_WARN_OBJC_IMPLICIT_RETAIN_SELF = YES;
				CLANG_WARN_OBJC_LITERAL_CONVERSION = YES;
				CLANG_WARN_OBJC_ROOT_CLASS = YES_ERROR;
				CLANG_WARN_QUOTED_INCLUDE_IN_FRAMEWORK_HEADER = YES;
				CLANG_WARN_RANGE_LOOP_ANALYSIS = YES;
				CLANG_WARN_STRICT_PROTOTYPES = YES;
				CLANG_WARN_SUSPICIOUS_MOVE = YES;
				CLANG_WARN_UNGUARDED_AVAILABILITY = YES_AGGRESSIVE;
				CLANG_WARN_UNREACHABLE_CODE = YES;
				CLANG_WARN__DUPLICATE_METHOD_MATCH = YES;
				COPY_PHASE_STRIP = NO;
				DEBUG_INFORMATION_FORMAT = "dwarf-with-dsym";
				ENABLE_NS_ASSERTIONS = NO;
				ENABLE_STRICT_OBJC_MSGSEND = YES;
				ENABLE_USER_SCRIPT_SANDBOXING = YES;
				GCC_C_LANGUAGE_STANDARD = gnu17;
				GCC_NO_COMMON_BLOCKS = YES;
				GCC_WARN_64_TO_32_BIT_CONVERSION = YES;
				GCC_WARN_ABOUT_RETURN_TYPE = YES_ERROR;
				GCC_WARN_UNDECLARED_SELECTOR = YES;
				GCC_WARN_UNINITIALIZED_AUTOS = YES_AGGRESSIVE;
				GCC_WARN_UNUSED_FUNCTION = YES;
				GCC_WARN_UNUSED_VARIABLE = YES;
				IPHONEOS_DEPLOYMENT_TARGET = 17.0;
				LOCALIZATION_PREFERS_STRING_CATALOGS = YES;
				MTL_ENABLE_DEBUG_INFO = NO;
				MTL_FAST_MATH = YES;
				SDKROOT = iphoneos;
				SWIFT_COMPILATION_MODE = wholemodule;
				VALIDATE_PRODUCT = YES;
			};
			name = Release;
		};
		CONFIG_RELEASE_TARGET /* Release */ = {
			isa = XCBuildConfiguration;
			buildSettings = {
				ASSETCATALOG_COMPILER_APPICON_NAME = AppIcon;
				ASSETCATALOG_COMPILER_GLOBAL_ACCENT_COLOR_NAME = AccentColor;
				CODE_SIGN_STYLE = Automatic;
				CURRENT_PROJECT_VERSION = 1;
				DEVELOPMENT_ASSET_PATHS = "";
				DEVELOPMENT_TEAM = 52Y3FAXW6V;
				ENABLE_PREVIEWS = YES;
				GENERATE_INFOPLIST_FILE = YES;
				INFOPLIST_KEY_CFBundleDisplayName = BookLibrio;
				INFOPLIST_KEY_UIApplicationSceneManifest_Generation = YES;
				INFOPLIST_KEY_UIApplicationSupportsIndirectInputEvents = YES;
				INFOPLIST_KEY_UILaunchScreen_Generation = YES;
				INFOPLIST_KEY_UISupportedInterfaceOrientations_iPad = "UIInterfaceOrientationPortrait UIInterfaceOrientationPortraitUpsideDown UIInterfaceOrientationLandscapeLeft UIInterfaceOrientationLandscapeRight";
				INFOPLIST_KEY_UISupportedInterfaceOrientations_iPhone = "UIInterfaceOrientationPortrait UIInterfaceOrientationLandscapeLeft UIInterfaceOrientationLandscapeRight";
				LD_RUNPATH_SEARCH_PATHS = (
					"$(inherited)",
					"@executable_path/Frameworks",
				);
				MARKETING_VERSION = 1.0.0;
				PRODUCT_BUNDLE_IDENTIFIER = com.booklibrio.app;
				PRODUCT_NAME = "$(TARGET_NAME)";
				SWIFT_EMIT_LOC_STRINGS = YES;
				SWIFT_VERSION = 5.0;
				TARGETED_DEVICE_FAMILY = "1,2";
			};
			name = Release;
		};
/* End XCBuildConfiguration section */

/* Begin XCConfigurationList section */
		CONFIGLIST_PROJECT /* Build configuration list for PBXProject "BookLibrio" */ = {
			isa = XCConfigurationList;
			buildConfigurations = (
				CONFIG_DEBUG_PROJECT /* Debug */,
				CONFIG_RELEASE_PROJECT /* Release */,
			);
			defaultConfigurationIsVisible = 0;
			defaultConfigurationName = Release;
		};
		CONFIGLIST_TARGET /* Build configuration list for PBXNativeTarget "BookLibrio" */ = {
			isa = XCConfigurationList;
			buildConfigurations = (
				CONFIG_DEBUG_TARGET /* Debug */,
				CONFIG_RELEASE_TARGET /* Release */,
			);
			defaultConfigurationIsVisible = 0;
			defaultConfigurationName = Release;
		};
/* End XCConfigurationList section */

/* Begin XCRemoteSwiftPackageReference section */
		E89A441D2EEC5614009B078F /* XCRemoteSwiftPackageReference "swift-toolkit" */ = {
			isa = XCRemoteSwiftPackageReference;
			repositoryURL = "https://github.com/readium/swift-toolkit.git";
			requirement = {
				kind = upToNextMajorVersion;
				minimumVersion = 3.5.0;
			};
		};
		SENTRY_REF001 /* XCRemoteSwiftPackageReference "sentry-cocoa" */ = {
			isa = XCRemoteSwiftPackageReference;
			repositoryURL = "https://github.com/getsentry/sentry-cocoa.git";
			requirement = {
				kind = upToNextMajorVersion;
				minimumVersion = 8.0.0;
			};
		};
/* End XCRemoteSwiftPackageReference section */

/* Begin XCSwiftPackageProductDependency section */
		E89A441E2EEC5614009B078F /* ReadiumNavigator */ = {
			isa = XCSwiftPackageProductDependency;
			package = E89A441D2EEC5614009B078F /* XCRemoteSwiftPackageReference "swift-toolkit" */;
			productName = ReadiumNavigator;
		};
		E89A44202EEC5614009B078F /* ReadiumShared */ = {
			isa = XCSwiftPackageProductDependency;
			package = E89A441D2EEC5614009B078F /* XCRemoteSwiftPackageReference "swift-toolkit" */;
			productName = ReadiumShared;
		};
		E89A44222EEC5614009B078F /* ReadiumStreamer */ = {
			isa = XCSwiftPackageProductDependency;
			package = E89A441D2EEC5614009B078F /* XCRemoteSwiftPackageReference "swift-toolkit" */;
			productName = ReadiumStreamer;
		};
		E89A44242EEC5614009B078F /* ReadiumAdapterGCDWebServer */ = {
			isa = XCSwiftPackageProductDependency;
			package = E89A441D2EEC5614009B078F /* XCRemoteSwiftPackageReference "swift-toolkit" */;
			productName = ReadiumAdapterGCDWebServer;
		};
		SENTRY_PKG001 /* Sentry */ = {
			isa = XCSwiftPackageProductDependency;
			package = SENTRY_REF001 /* XCRemoteSwiftPackageReference "sentry-cocoa" */;
			productName = Sentry;
		};
/* End XCSwiftPackageProductDependency section */
	};
	rootObject = PROJECT /* Project object */;
}
